
Microsoft Visual Studio Solution File, Format Version 12.00
# Visual Studio Version 16
VisualStudioVersion = 16.0.30011.22
MinimumVisualStudioVersion = 10.0.40219.1
Project("{FAE04EC0-301F-11D3-BF4B-00C04F79EFBC}") = "CombateSuperheroesVillanosUI", "CombateSuperheroesVillanosUI\CombateSuperheroesVillanosUI.csproj", "{03718C62-7234-4993-97FB-532BF4E38138}"
EndProject
Project("{FAE04EC0-301F-11D3-BF4B-00C04F79EFBC}") = "CombateSuperheroesVillanosET", "CombateSuperheroesVillanosET\CombateSuperheroesVillanosET.csproj", "{A48A6147-468B-485E-A535-7B837F9EDDD4}"
EndProject
Project("{FAE04EC0-301F-11D3-BF4B-00C04F79EFBC}") = "CombateSuperheroesVillanosDAL", "CombateSuperheroesVillanosDAL\CombateSuperheroesVillanosDAL.csproj", "{8E374E6E-3533-40E7-989C-5F33EAE3094A}"
EndProject
Project("{FAE04EC0-301F-11D3-BF4B-00C04F79EFBC}") = "CombateSuperheroesVillanosBL", "CombateSuperheroesVillanosBL\CombateSuperheroesVillanosBL.csproj", "{EC756C9F-0612-48B8-8A13-ED4D40871460}"
EndProject
Project("{FAE04EC0-301F-11D3-BF4B-00C04F79EFBC}") = "CombateSuperheroesVillanosDTO", "CombateSuperheroesVillanosDTO\CombateSuperheroesVillanosDTO.csproj", "{13F34933-1BCA-40ED-8C04-23B87CBED9EF}"
EndProject
Global
	GlobalSection(SolutionConfigurationPlatforms) = preSolution
		Debug|Any CPU = Debug|Any CPU
		Debug|ARM = Debug|ARM
		Debug|ARM64 = Debug|ARM64
		Debug|x64 = Debug|x64
		Debug|x86 = Debug|x86
		Release|Any CPU = Release|Any CPU
		Release|ARM = Release|ARM
		Release|ARM64 = Release|ARM64
		Release|x64 = Release|x64
		Release|x86 = Release|x86
	EndGlobalSection
	GlobalSection(ProjectConfigurationPlatforms) = postSolution
		{03718C62-7234-4993-97FB-532BF4E38138}.Debug|Any CPU.ActiveCfg = Debug|x86
		{03718C62-7234-4993-97FB-532BF4E38138}.Debug|ARM.ActiveCfg = Debug|ARM
		{03718C62-7234-4993-97FB-532BF4E38138}.Debug|ARM.Build.0 = Debug|ARM
		{03718C62-7234-4993-97FB-532BF4E38138}.Debug|ARM.Deploy.0 = Debug|ARM
		{03718C62-7234-4993-97FB-532BF4E38138}.Debug|ARM64.ActiveCfg = Debug|ARM64
		{03718C62-7234-4993-97FB-532BF4E38138}.Debug|ARM64.Build.0 = Debug|ARM64
		{03718C62-7234-4993-97FB-532BF4E38138}.Debug|ARM64.Deploy.0 = Debug|ARM64
		{03718C62-7234-4993-97FB-532BF4E38138}.Debug|x64.ActiveCfg = Debug|x64
		{03718C62-7234-4993-97FB-532BF4E38138}.Debug|x64.Build.0 = Debug|x64
		{03718C62-7234-4993-97FB-532BF4E38138}.Debug|x64.Deploy.0 = Debug|x64
		{03718C62-7234-4993-97FB-532BF4E38138}.Debug|x86.ActiveCfg = Debug|x86
		{03718C62-7234-4993-97FB-532BF4E38138}.Debug|x86.Build.0 = Debug|x86
		{03718C62-7234-4993-97FB-532BF4E38138}.Debug|x86.Deploy.0 = Debug|x86
		{03718C62-7234-4993-97FB-532BF4E38138}.Release|Any CPU.ActiveCfg = Release|x86
		{03718C62-7234-4993-97FB-532BF4E38138}.Release|ARM.ActiveCfg = Release|ARM
		{03718C62-7234-4993-97FB-532BF4E38138}.Release|ARM.Build.0 = Release|ARM
		{03718C62-7234-4993-97FB-532BF4E38138}.Release|ARM.Deploy.0 = Release|ARM
		{03718C62-7234-4993-97FB-532BF4E38138}.Release|ARM64.ActiveCfg = Release|ARM64
		{03718C62-7234-4993-97FB-532BF4E38138}.Release|ARM64.Build.0 = Release|ARM64
		{03718C62-7234-4993-97FB-532BF4E38138}.Release|ARM64.Deploy.0 = Release|ARM64
		{03718C62-7234-4993-97FB-532BF4E38138}.Release|x64.ActiveCfg = Release|x64
		{03718C62-7234-4993-97FB-532BF4E38138}.Release|x64.Build.0 = Release|x64
		{03718C62-7234-4993-97FB-532BF4E38138}.Release|x64.Deploy.0 = Release|x64
		{03718C62-7234-4993-97FB-532BF4E38138}.Release|x86.ActiveCfg = Release|x86
		{03718C62-7234-4993-97FB-532BF4E38138}.Release|x86.Build.0 = Release|x86
		{03718C62-7234-4993-97FB-532BF4E38138}.Release|x86.Deploy.0 = Release|x86
		{A48A6147-468B-485E-A535-7B837F9EDDD4}.Debug|Any CPU.ActiveCfg = Debug|Any CPU
		{A48A6147-468B-485E-A535-7B837F9EDDD4}.Debug|Any CPU.Build.0 = Debug|Any CPU
		{A48A6147-468B-485E-A535-7B837F9EDDD4}.Debug|ARM.ActiveCfg = Debug|ARM
		{A48A6147-468B-485E-A535-7B837F9EDDD4}.Debug|ARM.Build.0 = Debug|ARM
		{A48A6147-468B-485E-A535-7B837F9EDDD4}.Debug|ARM64.ActiveCfg = Debug|ARM64
		{A48A6147-468B-485E-A535-7B837F9EDDD4}.Debug|ARM64.Build.0 = Debug|ARM64
		{A48A6147-468B-485E-A535-7B837F9EDDD4}.Debug|x64.ActiveCfg = Debug|x64
		{A48A6147-468B-485E-A535-7B837F9EDDD4}.Debug|x64.Build.0 = Debug|x64
		{A48A6147-468B-485E-A535-7B837F9EDDD4}.Debug|x86.ActiveCfg = Debug|x86
		{A48A6147-468B-485E-A535-7B837F9EDDD4}.Debug|x86.Build.0 = Debug|x86
		{A48A6147-468B-485E-A535-7B837F9EDDD4}.Release|Any CPU.ActiveCfg = Release|Any CPU
		{A48A6147-468B-485E-A535-7B837F9EDDD4}.Release|Any CPU.Build.0 = Release|Any CPU
		{A48A6147-468B-485E-A535-7B837F9EDDD4}.Release|ARM.ActiveCfg = Release|ARM
		{A48A6147-468B-485E-A535-7B837F9EDDD4}.Release|ARM.Build.0 = Release|ARM
		{A48A6147-468B-485E-A535-7B837F9EDDD4}.Release|ARM64.ActiveCfg = Release|ARM64
		{A48A6147-468B-485E-A535-7B837F9EDDD4}.Release|ARM64.Build.0 = Release|ARM64
		{A48A6147-468B-485E-A535-7B837F9EDDD4}.Release|x64.ActiveCfg = Release|x64
		{A48A6147-468B-485E-A535-7B837F9EDDD4}.Release|x64.Build.0 = Release|x64
		{A48A6147-468B-485E-A535-7B837F9EDDD4}.Release|x86.ActiveCfg = Release|x86
		{A48A6147-468B-485E-A535-7B837F9EDDD4}.Release|x86.Build.0 = Release|x86
		{8E374E6E-3533-40E7-989C-5F33EAE3094A}.Debug|Any CPU.ActiveCfg = Debug|Any CPU
		{8E374E6E-3533-40E7-989C-5F33EAE3094A}.Debug|Any CPU.Build.0 = Debug|Any CPU
		{8E374E6E-3533-40E7-989C-5F33EAE3094A}.Debug|ARM.ActiveCfg = Debug|ARM
		{8E374E6E-3533-40E7-989C-5F33EAE3094A}.Debug|ARM.Build.0 = Debug|ARM
		{8E374E6E-3533-40E7-989C-5F33EAE3094A}.Debug|ARM64.ActiveCfg = Debug|ARM64
		{8E374E6E-3533-40E7-989C-5F33EAE3094A}.Debug|ARM64.Build.0 = Debug|ARM64
		{8E374E6E-3533-40E7-989C-5F33EAE3094A}.Debug|x64.ActiveCfg = Debug|x64
		{8E374E6E-3533-40E7-989C-5F33EAE3094A}.Debug|x64.Build.0 = Debug|x64
		{8E374E6E-3533-40E7-989C-5F33EAE3094A}.Debug|x86.ActiveCfg = Debug|x86
		{8E374E6E-3533-40E7-989C-5F33EAE3094A}.Debug|x86.Build.0 = Debug|x86
		{8E374E6E-3533-40E7-989C-5F33EAE3094A}.Release|Any CPU.ActiveCfg = Release|Any CPU
		{8E374E6E-3533-40E7-989C-5F33EAE3094A}.Release|Any CPU.Build.0 = Release|Any CPU
		{8E374E6E-3533-40E7-989C-5F33EAE3094A}.Release|ARM.ActiveCfg = Release|ARM
		{8E374E6E-3533-40E7-989C-5F33EAE3094A}.Release|ARM.Build.0 = Release|ARM
		{8E374E6E-3533-40E7-989C-5F33EAE3094A}.Release|ARM64.ActiveCfg = Release|ARM64
		{8E374E6E-3533-40E7-989C-5F33EAE3094A}.Release|ARM64.Build.0 = Release|ARM64
		{8E374E6E-3533-40E7-989C-5F33EAE3094A}.Release|x64.ActiveCfg = Release|x64
		{8E374E6E-3533-40E7-989C-5F33EAE3094A}.Release|x64.Build.0 = Release|x64
		{8E374E6E-3533-40E7-989C-5F33EAE3094A}.Release|x86.ActiveCfg = Release|x86
		{8E374E6E-3533-40E7-989C-5F33EAE3094A}.Release|x86.Build.0 = Release|x86
		{EC756C9F-0612-48B8-8A13-ED4D40871460}.Debug|Any CPU.ActiveCfg = Debug|Any CPU
		{EC756C9F-0612-48B8-8A13-ED4D40871460}.Debug|Any CPU.Build.0 = Debug|Any CPU
		{EC756C9F-0612-48B8-8A13-ED4D40871460}.Debug|ARM.ActiveCfg = Debug|ARM
		{EC756C9F-0612-48B8-8A13-ED4D40871460}.Debug|ARM.Build.0 = Debug|ARM
		{EC756C9F-0612-48B8-8A13-ED4D40871460}.Debug|ARM64.ActiveCfg = Debug|ARM64
		{EC756C9F-0612-48B8-8A13-ED4D40871460}.Debug|ARM64.Build.0 = Debug|ARM64
		{EC756C9F-0612-48B8-8A13-ED4D40871460}.Debug|x64.ActiveCfg = Debug|x64
		{EC756C9F-0612-48B8-8A13-ED4D40871460}.Debug|x64.Build.0 = Debug|x64
		{EC756C9F-0612-48B8-8A13-ED4D40871460}.Debug|x86.ActiveCfg = Debug|x86
		{EC756C9F-0612-48B8-8A13-ED4D40871460}.Debug|x86.Build.0 = Debug|x86
		{EC756C9F-0612-48B8-8A13-ED4D40871460}.Release|Any CPU.ActiveCfg = Release|Any CPU
		{EC756C9F-0612-48B8-8A13-ED4D40871460}.Release|Any CPU.Build.0 = Release|Any CPU
		{EC756C9F-0612-48B8-8A13-ED4D40871460}.Release|ARM.ActiveCfg = Release|ARM
		{EC756C9F-0612-48B8-8A13-ED4D40871460}.Release|ARM.Build.0 = Release|ARM
		{EC756C9F-0612-48B8-8A13-ED4D40871460}.Release|ARM64.ActiveCfg = Release|ARM64
		{EC756C9F-0612-48B8-8A13-ED4D40871460}.Release|ARM64.Build.0 = Release|ARM64
		{EC756C9F-0612-48B8-8A13-ED4D40871460}.Release|x64.ActiveCfg = Release|x64
		{EC756C9F-0612-48B8-8A13-ED4D40871460}.Release|x64.Build.0 = Release|x64
		{EC756C9F-0612-48B8-8A13-ED4D40871460}.Release|x86.ActiveCfg = Release|x86
		{EC756C9F-0612-48B8-8A13-ED4D40871460}.Release|x86.Build.0 = Release|x86
		{13F34933-1BCA-40ED-8C04-23B87CBED9EF}.Debug|Any CPU.ActiveCfg = Debug|Any CPU
		{13F34933-1BCA-40ED-8C04-23B87CBED9EF}.Debug|Any CPU.Build.0 = Debug|Any CPU
		{13F34933-1BCA-40ED-8C04-23B87CBED9EF}.Debug|ARM.ActiveCfg = Debug|ARM
		{13F34933-1BCA-40ED-8C04-23B87CBED9EF}.Debug|ARM.Build.0 = Debug|ARM
		{13F34933-1BCA-40ED-8C04-23B87CBED9EF}.Debug|ARM64.ActiveCfg = Debug|ARM64
		{13F34933-1BCA-40ED-8C04-23B87CBED9EF}.Debug|ARM64.Build.0 = Debug|ARM64
		{13F34933-1BCA-40ED-8C04-23B87CBED9EF}.Debug|x64.ActiveCfg = Debug|x64
		{13F34933-1BCA-40ED-8C04-23B87CBED9EF}.Debug|x64.Build.0 = Debug|x64
		{13F34933-1BCA-40ED-8C04-23B87CBED9EF}.Debug|x86.ActiveCfg = Debug|x86
		{13F34933-1BCA-40ED-8C04-23B87CBED9EF}.Debug|x86.Build.0 = Debug|x86
		{13F34933-1BCA-40ED-8C04-23B87CBED9EF}.Release|Any CPU.ActiveCfg = Release|Any CPU
		{13F34933-1BCA-40ED-8C04-23B87CBED9EF}.Release|Any CPU.Build.0 = Release|Any CPU
		{13F34933-1BCA-40ED-8C04-23B87CBED9EF}.Release|ARM.ActiveCfg = Release|ARM
		{13F34933-1BCA-40ED-8C04-23B87CBED9EF}.Release|ARM.Build.0 = Release|ARM
		{13F34933-1BCA-40ED-8C04-23B87CBED9EF}.Release|ARM64.ActiveCfg = Release|ARM64
		{13F34933-1BCA-40ED-8C04-23B87CBED9EF}.Release|ARM64.Build.0 = Release|ARM64
		{13F34933-1BCA-40ED-8C04-23B87CBED9EF}.Release|x64.ActiveCfg = Release|x64
		{13F34933-1BCA-40ED-8C04-23B87CBED9EF}.Release|x64.Build.0 = Release|x64
		{13F34933-1BCA-40ED-8C04-23B87CBED9EF}.Release|x86.ActiveCfg = Release|x86
		{13F34933-1BCA-40ED-8C04-23B87CBED9EF}.Release|x86.Build.0 = Release|x86
	EndGlobalSection
	GlobalSection(SolutionProperties) = preSolution
		HideSolutionNode = FALSE
	EndGlobalSection
	GlobalSection(ExtensibilityGlobals) = postSolution
		SolutionGuid = {BDC0E552-8FE4-494C-9E8F-092D7927D8CC}
	EndGlobalSection
EndGlobal
