
Microsoft Visual Studio Solution File, Format Version 12.00
# Visual Studio Version 16
VisualStudioVersion = 16.0.29519.87
MinimumVisualStudioVersion = 10.0.40219.1
Project("{FAE04EC0-301F-11D3-BF4B-00C04F79EFBC}") = "PreparandoExamen02-12-2019-UI", "PreparandoExamen02-12-2019-UI\PreparandoExamen02-12-2019-UI.csproj", "{86977F8F-533A-4654-A479-BD21808C2230}"
EndProject
Project("{FAE04EC0-301F-11D3-BF4B-00C04F79EFBC}") = "PreparandoExamen02-12-2019-BL", "PreparandoExamen02-12-2019-BL\PreparandoExamen02-12-2019-BL.csproj", "{7C579F10-11BA-4454-A510-0A739D0031A4}"
EndProject
Project("{FAE04EC0-301F-11D3-BF4B-00C04F79EFBC}") = "PreparandoExamen02-12-2019-DAL", "PreparandoExamen02-12-2019-DAL\PreparandoExamen02-12-2019-DAL.csproj", "{32AE9C1B-94A4-41C6-BB09-29E9043F2E72}"
EndProject
Project("{FAE04EC0-301F-11D3-BF4B-00C04F79EFBC}") = "PreparandoExamen02-12-2019-ENTITIES", "PreparandoExamen02-12-2019-ENTITIES\PreparandoExamen02-12-2019-ENTITIES.csproj", "{82C4D318-F659-41C7-8A17-9EAFB3B95E40}"
EndProject
Global
	GlobalSection(SolutionConfigurationPlatforms) = preSolution
		Debug|ARM = Debug|ARM
		Debug|ARM64 = Debug|ARM64
		Debug|x64 = Debug|x64
		Debug|x86 = Debug|x86
		Release|ARM = Release|ARM
		Release|ARM64 = Release|ARM64
		Release|x64 = Release|x64
		Release|x86 = Release|x86
	EndGlobalSection
	GlobalSection(ProjectConfigurationPlatforms) = postSolution
		{86977F8F-533A-4654-A479-BD21808C2230}.Debug|ARM.ActiveCfg = Debug|ARM
		{86977F8F-533A-4654-A479-BD21808C2230}.Debug|ARM.Build.0 = Debug|ARM
		{86977F8F-533A-4654-A479-BD21808C2230}.Debug|ARM.Deploy.0 = Debug|ARM
		{86977F8F-533A-4654-A479-BD21808C2230}.Debug|ARM64.ActiveCfg = Debug|ARM64
		{86977F8F-533A-4654-A479-BD21808C2230}.Debug|ARM64.Build.0 = Debug|ARM64
		{86977F8F-533A-4654-A479-BD21808C2230}.Debug|ARM64.Deploy.0 = Debug|ARM64
		{86977F8F-533A-4654-A479-BD21808C2230}.Debug|x64.ActiveCfg = Debug|x64
		{86977F8F-533A-4654-A479-BD21808C2230}.Debug|x64.Build.0 = Debug|x64
		{86977F8F-533A-4654-A479-BD21808C2230}.Debug|x64.Deploy.0 = Debug|x64
		{86977F8F-533A-4654-A479-BD21808C2230}.Debug|x86.ActiveCfg = Debug|x86
		{86977F8F-533A-4654-A479-BD21808C2230}.Debug|x86.Build.0 = Debug|x86
		{86977F8F-533A-4654-A479-BD21808C2230}.Debug|x86.Deploy.0 = Debug|x86
		{86977F8F-533A-4654-A479-BD21808C2230}.Release|ARM.ActiveCfg = Release|ARM
		{86977F8F-533A-4654-A479-BD21808C2230}.Release|ARM.Build.0 = Release|ARM
		{86977F8F-533A-4654-A479-BD21808C2230}.Release|ARM.Deploy.0 = Release|ARM
		{86977F8F-533A-4654-A479-BD21808C2230}.Release|ARM64.ActiveCfg = Release|ARM64
		{86977F8F-533A-4654-A479-BD21808C2230}.Release|ARM64.Build.0 = Release|ARM64
		{86977F8F-533A-4654-A479-BD21808C2230}.Release|ARM64.Deploy.0 = Release|ARM64
		{86977F8F-533A-4654-A479-BD21808C2230}.Release|x64.ActiveCfg = Release|x64
		{86977F8F-533A-4654-A479-BD21808C2230}.Release|x64.Build.0 = Release|x64
		{86977F8F-533A-4654-A479-BD21808C2230}.Release|x64.Deploy.0 = Release|x64
		{86977F8F-533A-4654-A479-BD21808C2230}.Release|x86.ActiveCfg = Release|x86
		{86977F8F-533A-4654-A479-BD21808C2230}.Release|x86.Build.0 = Release|x86
		{86977F8F-533A-4654-A479-BD21808C2230}.Release|x86.Deploy.0 = Release|x86
		{7C579F10-11BA-4454-A510-0A739D0031A4}.Debug|ARM.ActiveCfg = Debug|ARM
		{7C579F10-11BA-4454-A510-0A739D0031A4}.Debug|ARM.Build.0 = Debug|ARM
		{7C579F10-11BA-4454-A510-0A739D0031A4}.Debug|ARM.Deploy.0 = Debug|ARM
		{7C579F10-11BA-4454-A510-0A739D0031A4}.Debug|ARM64.ActiveCfg = Debug|ARM64
		{7C579F10-11BA-4454-A510-0A739D0031A4}.Debug|ARM64.Build.0 = Debug|ARM64
		{7C579F10-11BA-4454-A510-0A739D0031A4}.Debug|ARM64.Deploy.0 = Debug|ARM64
		{7C579F10-11BA-4454-A510-0A739D0031A4}.Debug|x64.ActiveCfg = Debug|x64
		{7C579F10-11BA-4454-A510-0A739D0031A4}.Debug|x64.Build.0 = Debug|x64
		{7C579F10-11BA-4454-A510-0A739D0031A4}.Debug|x64.Deploy.0 = Debug|x64
		{7C579F10-11BA-4454-A510-0A739D0031A4}.Debug|x86.ActiveCfg = Debug|x86
		{7C579F10-11BA-4454-A510-0A739D0031A4}.Debug|x86.Build.0 = Debug|x86
		{7C579F10-11BA-4454-A510-0A739D0031A4}.Debug|x86.Deploy.0 = Debug|x86
		{7C579F10-11BA-4454-A510-0A739D0031A4}.Release|ARM.ActiveCfg = Release|ARM
		{7C579F10-11BA-4454-A510-0A739D0031A4}.Release|ARM.Build.0 = Release|ARM
		{7C579F10-11BA-4454-A510-0A739D0031A4}.Release|ARM.Deploy.0 = Release|ARM
		{7C579F10-11BA-4454-A510-0A739D0031A4}.Release|ARM64.ActiveCfg = Release|ARM64
		{7C579F10-11BA-4454-A510-0A739D0031A4}.Release|ARM64.Build.0 = Release|ARM64
		{7C579F10-11BA-4454-A510-0A739D0031A4}.Release|ARM64.Deploy.0 = Release|ARM64
		{7C579F10-11BA-4454-A510-0A739D0031A4}.Release|x64.ActiveCfg = Release|x64
		{7C579F10-11BA-4454-A510-0A739D0031A4}.Release|x64.Build.0 = Release|x64
		{7C579F10-11BA-4454-A510-0A739D0031A4}.Release|x64.Deploy.0 = Release|x64
		{7C579F10-11BA-4454-A510-0A739D0031A4}.Release|x86.ActiveCfg = Release|x86
		{7C579F10-11BA-4454-A510-0A739D0031A4}.Release|x86.Build.0 = Release|x86
		{7C579F10-11BA-4454-A510-0A739D0031A4}.Release|x86.Deploy.0 = Release|x86
		{32AE9C1B-94A4-41C6-BB09-29E9043F2E72}.Debug|ARM.ActiveCfg = Debug|ARM
		{32AE9C1B-94A4-41C6-BB09-29E9043F2E72}.Debug|ARM.Build.0 = Debug|ARM
		{32AE9C1B-94A4-41C6-BB09-29E9043F2E72}.Debug|ARM.Deploy.0 = Debug|ARM
		{32AE9C1B-94A4-41C6-BB09-29E9043F2E72}.Debug|ARM64.ActiveCfg = Debug|ARM64
		{32AE9C1B-94A4-41C6-BB09-29E9043F2E72}.Debug|ARM64.Build.0 = Debug|ARM64
		{32AE9C1B-94A4-41C6-BB09-29E9043F2E72}.Debug|ARM64.Deploy.0 = Debug|ARM64
		{32AE9C1B-94A4-41C6-BB09-29E9043F2E72}.Debug|x64.ActiveCfg = Debug|x64
		{32AE9C1B-94A4-41C6-BB09-29E9043F2E72}.Debug|x64.Build.0 = Debug|x64
		{32AE9C1B-94A4-41C6-BB09-29E9043F2E72}.Debug|x64.Deploy.0 = Debug|x64
		{32AE9C1B-94A4-41C6-BB09-29E9043F2E72}.Debug|x86.ActiveCfg = Debug|x86
		{32AE9C1B-94A4-41C6-BB09-29E9043F2E72}.Debug|x86.Build.0 = Debug|x86
		{32AE9C1B-94A4-41C6-BB09-29E9043F2E72}.Debug|x86.Deploy.0 = Debug|x86
		{32AE9C1B-94A4-41C6-BB09-29E9043F2E72}.Release|ARM.ActiveCfg = Release|ARM
		{32AE9C1B-94A4-41C6-BB09-29E9043F2E72}.Release|ARM.Build.0 = Release|ARM
		{32AE9C1B-94A4-41C6-BB09-29E9043F2E72}.Release|ARM.Deploy.0 = Release|ARM
		{32AE9C1B-94A4-41C6-BB09-29E9043F2E72}.Release|ARM64.ActiveCfg = Release|ARM64
		{32AE9C1B-94A4-41C6-BB09-29E9043F2E72}.Release|ARM64.Build.0 = Release|ARM64
		{32AE9C1B-94A4-41C6-BB09-29E9043F2E72}.Release|ARM64.Deploy.0 = Release|ARM64
		{32AE9C1B-94A4-41C6-BB09-29E9043F2E72}.Release|x64.ActiveCfg = Release|x64
		{32AE9C1B-94A4-41C6-BB09-29E9043F2E72}.Release|x64.Build.0 = Release|x64
		{32AE9C1B-94A4-41C6-BB09-29E9043F2E72}.Release|x64.Deploy.0 = Release|x64
		{32AE9C1B-94A4-41C6-BB09-29E9043F2E72}.Release|x86.ActiveCfg = Release|x86
		{32AE9C1B-94A4-41C6-BB09-29E9043F2E72}.Release|x86.Build.0 = Release|x86
		{32AE9C1B-94A4-41C6-BB09-29E9043F2E72}.Release|x86.Deploy.0 = Release|x86
		{82C4D318-F659-41C7-8A17-9EAFB3B95E40}.Debug|ARM.ActiveCfg = Debug|ARM
		{82C4D318-F659-41C7-8A17-9EAFB3B95E40}.Debug|ARM.Build.0 = Debug|ARM
		{82C4D318-F659-41C7-8A17-9EAFB3B95E40}.Debug|ARM.Deploy.0 = Debug|ARM
		{82C4D318-F659-41C7-8A17-9EAFB3B95E40}.Debug|ARM64.ActiveCfg = Debug|ARM64
		{82C4D318-F659-41C7-8A17-9EAFB3B95E40}.Debug|ARM64.Build.0 = Debug|ARM64
		{82C4D318-F659-41C7-8A17-9EAFB3B95E40}.Debug|ARM64.Deploy.0 = Debug|ARM64
		{82C4D318-F659-41C7-8A17-9EAFB3B95E40}.Debug|x64.ActiveCfg = Debug|x64
		{82C4D318-F659-41C7-8A17-9EAFB3B95E40}.Debug|x64.Build.0 = Debug|x64
		{82C4D318-F659-41C7-8A17-9EAFB3B95E40}.Debug|x64.Deploy.0 = Debug|x64
		{82C4D318-F659-41C7-8A17-9EAFB3B95E40}.Debug|x86.ActiveCfg = Debug|x86
		{82C4D318-F659-41C7-8A17-9EAFB3B95E40}.Debug|x86.Build.0 = Debug|x86
		{82C4D318-F659-41C7-8A17-9EAFB3B95E40}.Debug|x86.Deploy.0 = Debug|x86
		{82C4D318-F659-41C7-8A17-9EAFB3B95E40}.Release|ARM.ActiveCfg = Release|ARM
		{82C4D318-F659-41C7-8A17-9EAFB3B95E40}.Release|ARM.Build.0 = Release|ARM
		{82C4D318-F659-41C7-8A17-9EAFB3B95E40}.Release|ARM.Deploy.0 = Release|ARM
		{82C4D318-F659-41C7-8A17-9EAFB3B95E40}.Release|ARM64.ActiveCfg = Release|ARM64
		{82C4D318-F659-41C7-8A17-9EAFB3B95E40}.Release|ARM64.Build.0 = Release|ARM64
		{82C4D318-F659-41C7-8A17-9EAFB3B95E40}.Release|ARM64.Deploy.0 = Release|ARM64
		{82C4D318-F659-41C7-8A17-9EAFB3B95E40}.Release|x64.ActiveCfg = Release|x64
		{82C4D318-F659-41C7-8A17-9EAFB3B95E40}.Release|x64.Build.0 = Release|x64
		{82C4D318-F659-41C7-8A17-9EAFB3B95E40}.Release|x64.Deploy.0 = Release|x64
		{82C4D318-F659-41C7-8A17-9EAFB3B95E40}.Release|x86.ActiveCfg = Release|x86
		{82C4D318-F659-41C7-8A17-9EAFB3B95E40}.Release|x86.Build.0 = Release|x86
		{82C4D318-F659-41C7-8A17-9EAFB3B95E40}.Release|x86.Deploy.0 = Release|x86
	EndGlobalSection
	GlobalSection(SolutionProperties) = preSolution
		HideSolutionNode = FALSE
	EndGlobalSection
	GlobalSection(ExtensibilityGlobals) = postSolution
		SolutionGuid = {BFE3B177-9E7D-4956-BB92-6AE25061FEB7}
	EndGlobalSection
EndGlobal
