
Microsoft Visual Studio Solution File, Format Version 12.00
# Visual Studio 15
VisualStudioVersion = 15.0.28307.902
MinimumVisualStudioVersion = 10.0.40219.1
Project("{FAE04EC0-301F-11D3-BF4B-00C04F79EFBC}") = "ChatServer2", "ChatServer2\ChatServer2.csproj", "{05EC4826-C8EF-4B46-BBD6-1469FF952C65}"
EndProject
Global
	GlobalSection(SolutionConfigurationPlatforms) = preSolution
		Debug|Any CPU = Debug|Any CPU
		Release|Any CPU = Release|Any CPU
	EndGlobalSection
	GlobalSection(ProjectConfigurationPlatforms) = postSolution
		{05EC4826-C8EF-4B46-BBD6-1469FF952C65}.Debug|Any CPU.ActiveCfg = Debug|Any CPU
		{05EC4826-C8EF-4B46-BBD6-1469FF952C65}.Debug|Any CPU.Build.0 = Debug|Any CPU
		{05EC4826-C8EF-4B46-BBD6-1469FF952C65}.Release|Any CPU.ActiveCfg = Release|Any CPU
		{05EC4826-C8EF-4B46-BBD6-1469FF952C65}.Release|Any CPU.Build.0 = Release|Any CPU
	EndGlobalSection
	GlobalSection(SolutionProperties) = preSolution
		HideSolutionNode = FALSE
	EndGlobalSection
	GlobalSection(ExtensibilityGlobals) = postSolution
		SolutionGuid = {8AF888D6-1778-45CB-85B4-0621836704A8}
	EndGlobalSection
EndGlobal
