
Microsoft Visual Studio Solution File, Format Version 12.00
# Visual Studio 15
VisualStudioVersion = 15.0.28307.960
MinimumVisualStudioVersion = 10.0.40219.1
Project("{FAE04EC0-301F-11D3-BF4B-00C04F79EFBC}") = "JuegoParejasRecuperacion-UI", "JuegoParejasRecuperacion-UI\JuegoParejasRecuperacion-UI.csproj", "{9B70C4CF-7F16-4473-A091-D00FC586F3B8}"
EndProject
Project("{FAE04EC0-301F-11D3-BF4B-00C04F79EFBC}") = "JuegoParejasRecuperacion-ET", "JuegoParejasRecuperacion-ET\JuegoParejasRecuperacion-ET.csproj", "{590136C6-0CF0-44CB-92D6-086D57F592F6}"
EndProject
Project("{FAE04EC0-301F-11D3-BF4B-00C04F79EFBC}") = "JuegoParejasRecuperacion-DAL", "JuegoParejasRecuperacion-DAL\JuegoParejasRecuperacion-DAL.csproj", "{07EAF784-582D-4001-A7D2-7872AF0EC96F}"
EndProject
Project("{FAE04EC0-301F-11D3-BF4B-00C04F79EFBC}") = "JuegoParejasRecuperacion-BL", "JuegoParejasRecuperacion-BL\JuegoParejasRecuperacion-BL.csproj", "{6E1355F0-B8A6-4966-87DB-4E9AEFE1CC24}"
EndProject
Global
	GlobalSection(SolutionConfigurationPlatforms) = preSolution
		Debug|Any CPU = Debug|Any CPU
		Debug|ARM = Debug|ARM
		Debug|ARM64 = Debug|ARM64
		Debug|x64 = Debug|x64
		Debug|x86 = Debug|x86
		Release|Any CPU = Release|Any CPU
		Release|ARM = Release|ARM
		Release|ARM64 = Release|ARM64
		Release|x64 = Release|x64
		Release|x86 = Release|x86
	EndGlobalSection
	GlobalSection(ProjectConfigurationPlatforms) = postSolution
		{9B70C4CF-7F16-4473-A091-D00FC586F3B8}.Debug|Any CPU.ActiveCfg = Debug|x86
		{9B70C4CF-7F16-4473-A091-D00FC586F3B8}.Debug|ARM.ActiveCfg = Debug|ARM
		{9B70C4CF-7F16-4473-A091-D00FC586F3B8}.Debug|ARM.Build.0 = Debug|ARM
		{9B70C4CF-7F16-4473-A091-D00FC586F3B8}.Debug|ARM.Deploy.0 = Debug|ARM
		{9B70C4CF-7F16-4473-A091-D00FC586F3B8}.Debug|ARM64.ActiveCfg = Debug|ARM64
		{9B70C4CF-7F16-4473-A091-D00FC586F3B8}.Debug|ARM64.Build.0 = Debug|ARM64
		{9B70C4CF-7F16-4473-A091-D00FC586F3B8}.Debug|ARM64.Deploy.0 = Debug|ARM64
		{9B70C4CF-7F16-4473-A091-D00FC586F3B8}.Debug|x64.ActiveCfg = Debug|x64
		{9B70C4CF-7F16-4473-A091-D00FC586F3B8}.Debug|x64.Build.0 = Debug|x64
		{9B70C4CF-7F16-4473-A091-D00FC586F3B8}.Debug|x64.Deploy.0 = Debug|x64
		{9B70C4CF-7F16-4473-A091-D00FC586F3B8}.Debug|x86.ActiveCfg = Debug|x86
		{9B70C4CF-7F16-4473-A091-D00FC586F3B8}.Debug|x86.Build.0 = Debug|x86
		{9B70C4CF-7F16-4473-A091-D00FC586F3B8}.Debug|x86.Deploy.0 = Debug|x86
		{9B70C4CF-7F16-4473-A091-D00FC586F3B8}.Release|Any CPU.ActiveCfg = Release|x86
		{9B70C4CF-7F16-4473-A091-D00FC586F3B8}.Release|ARM.ActiveCfg = Release|ARM
		{9B70C4CF-7F16-4473-A091-D00FC586F3B8}.Release|ARM.Build.0 = Release|ARM
		{9B70C4CF-7F16-4473-A091-D00FC586F3B8}.Release|ARM.Deploy.0 = Release|ARM
		{9B70C4CF-7F16-4473-A091-D00FC586F3B8}.Release|ARM64.ActiveCfg = Release|ARM64
		{9B70C4CF-7F16-4473-A091-D00FC586F3B8}.Release|ARM64.Build.0 = Release|ARM64
		{9B70C4CF-7F16-4473-A091-D00FC586F3B8}.Release|ARM64.Deploy.0 = Release|ARM64
		{9B70C4CF-7F16-4473-A091-D00FC586F3B8}.Release|x64.ActiveCfg = Release|x64
		{9B70C4CF-7F16-4473-A091-D00FC586F3B8}.Release|x64.Build.0 = Release|x64
		{9B70C4CF-7F16-4473-A091-D00FC586F3B8}.Release|x64.Deploy.0 = Release|x64
		{9B70C4CF-7F16-4473-A091-D00FC586F3B8}.Release|x86.ActiveCfg = Release|x86
		{9B70C4CF-7F16-4473-A091-D00FC586F3B8}.Release|x86.Build.0 = Release|x86
		{9B70C4CF-7F16-4473-A091-D00FC586F3B8}.Release|x86.Deploy.0 = Release|x86
		{590136C6-0CF0-44CB-92D6-086D57F592F6}.Debug|Any CPU.ActiveCfg = Debug|Any CPU
		{590136C6-0CF0-44CB-92D6-086D57F592F6}.Debug|Any CPU.Build.0 = Debug|Any CPU
		{590136C6-0CF0-44CB-92D6-086D57F592F6}.Debug|ARM.ActiveCfg = Debug|ARM
		{590136C6-0CF0-44CB-92D6-086D57F592F6}.Debug|ARM.Build.0 = Debug|ARM
		{590136C6-0CF0-44CB-92D6-086D57F592F6}.Debug|ARM64.ActiveCfg = Debug|ARM64
		{590136C6-0CF0-44CB-92D6-086D57F592F6}.Debug|ARM64.Build.0 = Debug|ARM64
		{590136C6-0CF0-44CB-92D6-086D57F592F6}.Debug|x64.ActiveCfg = Debug|x64
		{590136C6-0CF0-44CB-92D6-086D57F592F6}.Debug|x64.Build.0 = Debug|x64
		{590136C6-0CF0-44CB-92D6-086D57F592F6}.Debug|x86.ActiveCfg = Debug|x86
		{590136C6-0CF0-44CB-92D6-086D57F592F6}.Debug|x86.Build.0 = Debug|x86
		{590136C6-0CF0-44CB-92D6-086D57F592F6}.Release|Any CPU.ActiveCfg = Release|Any CPU
		{590136C6-0CF0-44CB-92D6-086D57F592F6}.Release|Any CPU.Build.0 = Release|Any CPU
		{590136C6-0CF0-44CB-92D6-086D57F592F6}.Release|ARM.ActiveCfg = Release|ARM
		{590136C6-0CF0-44CB-92D6-086D57F592F6}.Release|ARM.Build.0 = Release|ARM
		{590136C6-0CF0-44CB-92D6-086D57F592F6}.Release|ARM64.ActiveCfg = Release|ARM64
		{590136C6-0CF0-44CB-92D6-086D57F592F6}.Release|ARM64.Build.0 = Release|ARM64
		{590136C6-0CF0-44CB-92D6-086D57F592F6}.Release|x64.ActiveCfg = Release|x64
		{590136C6-0CF0-44CB-92D6-086D57F592F6}.Release|x64.Build.0 = Release|x64
		{590136C6-0CF0-44CB-92D6-086D57F592F6}.Release|x86.ActiveCfg = Release|x86
		{590136C6-0CF0-44CB-92D6-086D57F592F6}.Release|x86.Build.0 = Release|x86
		{07EAF784-582D-4001-A7D2-7872AF0EC96F}.Debug|Any CPU.ActiveCfg = Debug|Any CPU
		{07EAF784-582D-4001-A7D2-7872AF0EC96F}.Debug|Any CPU.Build.0 = Debug|Any CPU
		{07EAF784-582D-4001-A7D2-7872AF0EC96F}.Debug|ARM.ActiveCfg = Debug|ARM
		{07EAF784-582D-4001-A7D2-7872AF0EC96F}.Debug|ARM.Build.0 = Debug|ARM
		{07EAF784-582D-4001-A7D2-7872AF0EC96F}.Debug|ARM64.ActiveCfg = Debug|ARM64
		{07EAF784-582D-4001-A7D2-7872AF0EC96F}.Debug|ARM64.Build.0 = Debug|ARM64
		{07EAF784-582D-4001-A7D2-7872AF0EC96F}.Debug|x64.ActiveCfg = Debug|x64
		{07EAF784-582D-4001-A7D2-7872AF0EC96F}.Debug|x64.Build.0 = Debug|x64
		{07EAF784-582D-4001-A7D2-7872AF0EC96F}.Debug|x86.ActiveCfg = Debug|x86
		{07EAF784-582D-4001-A7D2-7872AF0EC96F}.Debug|x86.Build.0 = Debug|x86
		{07EAF784-582D-4001-A7D2-7872AF0EC96F}.Release|Any CPU.ActiveCfg = Release|Any CPU
		{07EAF784-582D-4001-A7D2-7872AF0EC96F}.Release|Any CPU.Build.0 = Release|Any CPU
		{07EAF784-582D-4001-A7D2-7872AF0EC96F}.Release|ARM.ActiveCfg = Release|ARM
		{07EAF784-582D-4001-A7D2-7872AF0EC96F}.Release|ARM.Build.0 = Release|ARM
		{07EAF784-582D-4001-A7D2-7872AF0EC96F}.Release|ARM64.ActiveCfg = Release|ARM64
		{07EAF784-582D-4001-A7D2-7872AF0EC96F}.Release|ARM64.Build.0 = Release|ARM64
		{07EAF784-582D-4001-A7D2-7872AF0EC96F}.Release|x64.ActiveCfg = Release|x64
		{07EAF784-582D-4001-A7D2-7872AF0EC96F}.Release|x64.Build.0 = Release|x64
		{07EAF784-582D-4001-A7D2-7872AF0EC96F}.Release|x86.ActiveCfg = Release|x86
		{07EAF784-582D-4001-A7D2-7872AF0EC96F}.Release|x86.Build.0 = Release|x86
		{6E1355F0-B8A6-4966-87DB-4E9AEFE1CC24}.Debug|Any CPU.ActiveCfg = Debug|Any CPU
		{6E1355F0-B8A6-4966-87DB-4E9AEFE1CC24}.Debug|Any CPU.Build.0 = Debug|Any CPU
		{6E1355F0-B8A6-4966-87DB-4E9AEFE1CC24}.Debug|ARM.ActiveCfg = Debug|ARM
		{6E1355F0-B8A6-4966-87DB-4E9AEFE1CC24}.Debug|ARM.Build.0 = Debug|ARM
		{6E1355F0-B8A6-4966-87DB-4E9AEFE1CC24}.Debug|ARM64.ActiveCfg = Debug|ARM64
		{6E1355F0-B8A6-4966-87DB-4E9AEFE1CC24}.Debug|ARM64.Build.0 = Debug|ARM64
		{6E1355F0-B8A6-4966-87DB-4E9AEFE1CC24}.Debug|x64.ActiveCfg = Debug|x64
		{6E1355F0-B8A6-4966-87DB-4E9AEFE1CC24}.Debug|x64.Build.0 = Debug|x64
		{6E1355F0-B8A6-4966-87DB-4E9AEFE1CC24}.Debug|x86.ActiveCfg = Debug|x86
		{6E1355F0-B8A6-4966-87DB-4E9AEFE1CC24}.Debug|x86.Build.0 = Debug|x86
		{6E1355F0-B8A6-4966-87DB-4E9AEFE1CC24}.Release|Any CPU.ActiveCfg = Release|Any CPU
		{6E1355F0-B8A6-4966-87DB-4E9AEFE1CC24}.Release|Any CPU.Build.0 = Release|Any CPU
		{6E1355F0-B8A6-4966-87DB-4E9AEFE1CC24}.Release|ARM.ActiveCfg = Release|ARM
		{6E1355F0-B8A6-4966-87DB-4E9AEFE1CC24}.Release|ARM.Build.0 = Release|ARM
		{6E1355F0-B8A6-4966-87DB-4E9AEFE1CC24}.Release|ARM64.ActiveCfg = Release|ARM64
		{6E1355F0-B8A6-4966-87DB-4E9AEFE1CC24}.Release|ARM64.Build.0 = Release|ARM64
		{6E1355F0-B8A6-4966-87DB-4E9AEFE1CC24}.Release|x64.ActiveCfg = Release|x64
		{6E1355F0-B8A6-4966-87DB-4E9AEFE1CC24}.Release|x64.Build.0 = Release|x64
		{6E1355F0-B8A6-4966-87DB-4E9AEFE1CC24}.Release|x86.ActiveCfg = Release|x86
		{6E1355F0-B8A6-4966-87DB-4E9AEFE1CC24}.Release|x86.Build.0 = Release|x86
	EndGlobalSection
	GlobalSection(SolutionProperties) = preSolution
		HideSolutionNode = FALSE
	EndGlobalSection
	GlobalSection(ExtensibilityGlobals) = postSolution
		SolutionGuid = {B697B813-22F0-4B92-BFE9-7D25C13D5048}
	EndGlobalSection
EndGlobal
