
Microsoft Visual Studio Solution File, Format Version 12.00
# Visual Studio Version 16
VisualStudioVersion = 16.0.29911.84
MinimumVisualStudioVersion = 10.0.40219.1
Project("{FAE04EC0-301F-11D3-BF4B-00C04F79EFBC}") = "HospitalesSaturadosUI", "HospitalesSaturadosUI\HospitalesSaturadosUI.csproj", "{48AF7D4B-EDEB-411C-81B7-36719B32964A}"
EndProject
Project("{FAE04EC0-301F-11D3-BF4B-00C04F79EFBC}") = "HospitalesSaturadosET", "HospitalesSaturadosET\HospitalesSaturadosET.csproj", "{0447960C-46C6-4906-B734-17EDB05C2071}"
EndProject
Project("{FAE04EC0-301F-11D3-BF4B-00C04F79EFBC}") = "HospitalesSaturadosDAL", "HospitalesSaturadosDAL\HospitalesSaturadosDAL.csproj", "{075B0098-00B3-4BC4-AC56-FF97BB4BA5AA}"
EndProject
Project("{FAE04EC0-301F-11D3-BF4B-00C04F79EFBC}") = "HospitalesSaturadosBL", "HospitalesSaturadosBL\HospitalesSaturadosBL.csproj", "{DC9E4C2A-749B-4785-B56B-55426835F0FB}"
EndProject
Global
	GlobalSection(SolutionConfigurationPlatforms) = preSolution
		Debug|Any CPU = Debug|Any CPU
		Debug|ARM = Debug|ARM
		Debug|ARM64 = Debug|ARM64
		Debug|x64 = Debug|x64
		Debug|x86 = Debug|x86
		Release|Any CPU = Release|Any CPU
		Release|ARM = Release|ARM
		Release|ARM64 = Release|ARM64
		Release|x64 = Release|x64
		Release|x86 = Release|x86
	EndGlobalSection
	GlobalSection(ProjectConfigurationPlatforms) = postSolution
		{48AF7D4B-EDEB-411C-81B7-36719B32964A}.Debug|Any CPU.ActiveCfg = Debug|x86
		{48AF7D4B-EDEB-411C-81B7-36719B32964A}.Debug|ARM.ActiveCfg = Debug|ARM
		{48AF7D4B-EDEB-411C-81B7-36719B32964A}.Debug|ARM.Build.0 = Debug|ARM
		{48AF7D4B-EDEB-411C-81B7-36719B32964A}.Debug|ARM.Deploy.0 = Debug|ARM
		{48AF7D4B-EDEB-411C-81B7-36719B32964A}.Debug|ARM64.ActiveCfg = Debug|ARM64
		{48AF7D4B-EDEB-411C-81B7-36719B32964A}.Debug|ARM64.Build.0 = Debug|ARM64
		{48AF7D4B-EDEB-411C-81B7-36719B32964A}.Debug|ARM64.Deploy.0 = Debug|ARM64
		{48AF7D4B-EDEB-411C-81B7-36719B32964A}.Debug|x64.ActiveCfg = Debug|x64
		{48AF7D4B-EDEB-411C-81B7-36719B32964A}.Debug|x64.Build.0 = Debug|x64
		{48AF7D4B-EDEB-411C-81B7-36719B32964A}.Debug|x64.Deploy.0 = Debug|x64
		{48AF7D4B-EDEB-411C-81B7-36719B32964A}.Debug|x86.ActiveCfg = Debug|x86
		{48AF7D4B-EDEB-411C-81B7-36719B32964A}.Debug|x86.Build.0 = Debug|x86
		{48AF7D4B-EDEB-411C-81B7-36719B32964A}.Debug|x86.Deploy.0 = Debug|x86
		{48AF7D4B-EDEB-411C-81B7-36719B32964A}.Release|Any CPU.ActiveCfg = Release|x86
		{48AF7D4B-EDEB-411C-81B7-36719B32964A}.Release|ARM.ActiveCfg = Release|ARM
		{48AF7D4B-EDEB-411C-81B7-36719B32964A}.Release|ARM.Build.0 = Release|ARM
		{48AF7D4B-EDEB-411C-81B7-36719B32964A}.Release|ARM.Deploy.0 = Release|ARM
		{48AF7D4B-EDEB-411C-81B7-36719B32964A}.Release|ARM64.ActiveCfg = Release|ARM64
		{48AF7D4B-EDEB-411C-81B7-36719B32964A}.Release|ARM64.Build.0 = Release|ARM64
		{48AF7D4B-EDEB-411C-81B7-36719B32964A}.Release|ARM64.Deploy.0 = Release|ARM64
		{48AF7D4B-EDEB-411C-81B7-36719B32964A}.Release|x64.ActiveCfg = Release|x64
		{48AF7D4B-EDEB-411C-81B7-36719B32964A}.Release|x64.Build.0 = Release|x64
		{48AF7D4B-EDEB-411C-81B7-36719B32964A}.Release|x64.Deploy.0 = Release|x64
		{48AF7D4B-EDEB-411C-81B7-36719B32964A}.Release|x86.ActiveCfg = Release|x86
		{48AF7D4B-EDEB-411C-81B7-36719B32964A}.Release|x86.Build.0 = Release|x86
		{48AF7D4B-EDEB-411C-81B7-36719B32964A}.Release|x86.Deploy.0 = Release|x86
		{0447960C-46C6-4906-B734-17EDB05C2071}.Debug|Any CPU.ActiveCfg = Debug|Any CPU
		{0447960C-46C6-4906-B734-17EDB05C2071}.Debug|Any CPU.Build.0 = Debug|Any CPU
		{0447960C-46C6-4906-B734-17EDB05C2071}.Debug|ARM.ActiveCfg = Debug|ARM
		{0447960C-46C6-4906-B734-17EDB05C2071}.Debug|ARM.Build.0 = Debug|ARM
		{0447960C-46C6-4906-B734-17EDB05C2071}.Debug|ARM64.ActiveCfg = Debug|ARM64
		{0447960C-46C6-4906-B734-17EDB05C2071}.Debug|ARM64.Build.0 = Debug|ARM64
		{0447960C-46C6-4906-B734-17EDB05C2071}.Debug|x64.ActiveCfg = Debug|x64
		{0447960C-46C6-4906-B734-17EDB05C2071}.Debug|x64.Build.0 = Debug|x64
		{0447960C-46C6-4906-B734-17EDB05C2071}.Debug|x86.ActiveCfg = Debug|x86
		{0447960C-46C6-4906-B734-17EDB05C2071}.Debug|x86.Build.0 = Debug|x86
		{0447960C-46C6-4906-B734-17EDB05C2071}.Release|Any CPU.ActiveCfg = Release|Any CPU
		{0447960C-46C6-4906-B734-17EDB05C2071}.Release|Any CPU.Build.0 = Release|Any CPU
		{0447960C-46C6-4906-B734-17EDB05C2071}.Release|ARM.ActiveCfg = Release|ARM
		{0447960C-46C6-4906-B734-17EDB05C2071}.Release|ARM.Build.0 = Release|ARM
		{0447960C-46C6-4906-B734-17EDB05C2071}.Release|ARM64.ActiveCfg = Release|ARM64
		{0447960C-46C6-4906-B734-17EDB05C2071}.Release|ARM64.Build.0 = Release|ARM64
		{0447960C-46C6-4906-B734-17EDB05C2071}.Release|x64.ActiveCfg = Release|x64
		{0447960C-46C6-4906-B734-17EDB05C2071}.Release|x64.Build.0 = Release|x64
		{0447960C-46C6-4906-B734-17EDB05C2071}.Release|x86.ActiveCfg = Release|x86
		{0447960C-46C6-4906-B734-17EDB05C2071}.Release|x86.Build.0 = Release|x86
		{075B0098-00B3-4BC4-AC56-FF97BB4BA5AA}.Debug|Any CPU.ActiveCfg = Debug|Any CPU
		{075B0098-00B3-4BC4-AC56-FF97BB4BA5AA}.Debug|Any CPU.Build.0 = Debug|Any CPU
		{075B0098-00B3-4BC4-AC56-FF97BB4BA5AA}.Debug|ARM.ActiveCfg = Debug|ARM
		{075B0098-00B3-4BC4-AC56-FF97BB4BA5AA}.Debug|ARM.Build.0 = Debug|ARM
		{075B0098-00B3-4BC4-AC56-FF97BB4BA5AA}.Debug|ARM64.ActiveCfg = Debug|ARM64
		{075B0098-00B3-4BC4-AC56-FF97BB4BA5AA}.Debug|ARM64.Build.0 = Debug|ARM64
		{075B0098-00B3-4BC4-AC56-FF97BB4BA5AA}.Debug|x64.ActiveCfg = Debug|x64
		{075B0098-00B3-4BC4-AC56-FF97BB4BA5AA}.Debug|x64.Build.0 = Debug|x64
		{075B0098-00B3-4BC4-AC56-FF97BB4BA5AA}.Debug|x86.ActiveCfg = Debug|x86
		{075B0098-00B3-4BC4-AC56-FF97BB4BA5AA}.Debug|x86.Build.0 = Debug|x86
		{075B0098-00B3-4BC4-AC56-FF97BB4BA5AA}.Release|Any CPU.ActiveCfg = Release|Any CPU
		{075B0098-00B3-4BC4-AC56-FF97BB4BA5AA}.Release|Any CPU.Build.0 = Release|Any CPU
		{075B0098-00B3-4BC4-AC56-FF97BB4BA5AA}.Release|ARM.ActiveCfg = Release|ARM
		{075B0098-00B3-4BC4-AC56-FF97BB4BA5AA}.Release|ARM.Build.0 = Release|ARM
		{075B0098-00B3-4BC4-AC56-FF97BB4BA5AA}.Release|ARM64.ActiveCfg = Release|ARM64
		{075B0098-00B3-4BC4-AC56-FF97BB4BA5AA}.Release|ARM64.Build.0 = Release|ARM64
		{075B0098-00B3-4BC4-AC56-FF97BB4BA5AA}.Release|x64.ActiveCfg = Release|x64
		{075B0098-00B3-4BC4-AC56-FF97BB4BA5AA}.Release|x64.Build.0 = Release|x64
		{075B0098-00B3-4BC4-AC56-FF97BB4BA5AA}.Release|x86.ActiveCfg = Release|x86
		{075B0098-00B3-4BC4-AC56-FF97BB4BA5AA}.Release|x86.Build.0 = Release|x86
		{DC9E4C2A-749B-4785-B56B-55426835F0FB}.Debug|Any CPU.ActiveCfg = Debug|Any CPU
		{DC9E4C2A-749B-4785-B56B-55426835F0FB}.Debug|Any CPU.Build.0 = Debug|Any CPU
		{DC9E4C2A-749B-4785-B56B-55426835F0FB}.Debug|ARM.ActiveCfg = Debug|ARM
		{DC9E4C2A-749B-4785-B56B-55426835F0FB}.Debug|ARM.Build.0 = Debug|ARM
		{DC9E4C2A-749B-4785-B56B-55426835F0FB}.Debug|ARM64.ActiveCfg = Debug|ARM64
		{DC9E4C2A-749B-4785-B56B-55426835F0FB}.Debug|ARM64.Build.0 = Debug|ARM64
		{DC9E4C2A-749B-4785-B56B-55426835F0FB}.Debug|x64.ActiveCfg = Debug|x64
		{DC9E4C2A-749B-4785-B56B-55426835F0FB}.Debug|x64.Build.0 = Debug|x64
		{DC9E4C2A-749B-4785-B56B-55426835F0FB}.Debug|x86.ActiveCfg = Debug|x86
		{DC9E4C2A-749B-4785-B56B-55426835F0FB}.Debug|x86.Build.0 = Debug|x86
		{DC9E4C2A-749B-4785-B56B-55426835F0FB}.Release|Any CPU.ActiveCfg = Release|Any CPU
		{DC9E4C2A-749B-4785-B56B-55426835F0FB}.Release|Any CPU.Build.0 = Release|Any CPU
		{DC9E4C2A-749B-4785-B56B-55426835F0FB}.Release|ARM.ActiveCfg = Release|ARM
		{DC9E4C2A-749B-4785-B56B-55426835F0FB}.Release|ARM.Build.0 = Release|ARM
		{DC9E4C2A-749B-4785-B56B-55426835F0FB}.Release|ARM64.ActiveCfg = Release|ARM64
		{DC9E4C2A-749B-4785-B56B-55426835F0FB}.Release|ARM64.Build.0 = Release|ARM64
		{DC9E4C2A-749B-4785-B56B-55426835F0FB}.Release|x64.ActiveCfg = Release|x64
		{DC9E4C2A-749B-4785-B56B-55426835F0FB}.Release|x64.Build.0 = Release|x64
		{DC9E4C2A-749B-4785-B56B-55426835F0FB}.Release|x86.ActiveCfg = Release|x86
		{DC9E4C2A-749B-4785-B56B-55426835F0FB}.Release|x86.Build.0 = Release|x86
	EndGlobalSection
	GlobalSection(SolutionProperties) = preSolution
		HideSolutionNode = FALSE
	EndGlobalSection
	GlobalSection(ExtensibilityGlobals) = postSolution
		SolutionGuid = {D36D7890-FD74-4928-A3A2-62A8715EFE33}
	EndGlobalSection
EndGlobal
