
Microsoft Visual Studio Solution File, Format Version 12.00
# Visual Studio 15
VisualStudioVersion = 15.0.28307.1000
MinimumVisualStudioVersion = 10.0.40219.1
Project("{FAE04EC0-301F-11D3-BF4B-00C04F79EFBC}") = "AppXamarin.Android", "AppXamarin\AppXamarin.Android\AppXamarin.Android.csproj", "{3EE0D0D8-E7AB-4FCB-BA00-9664BB4994CE}"
EndProject
Project("{FAE04EC0-301F-11D3-BF4B-00C04F79EFBC}") = "AppXamarin.iOS", "AppXamarin\AppXamarin.iOS\AppXamarin.iOS.csproj", "{7BBA642F-817E-4A42-8DAF-95CB6E848633}"
EndProject
Project("{FAE04EC0-301F-11D3-BF4B-00C04F79EFBC}") = "AppXamarin.UWP", "AppXamarin\AppXamarin.UWP\AppXamarin.UWP.csproj", "{8958F6C9-55CC-44E1-85F3-9963F9B3AEC1}"
EndProject
Project("{FAE04EC0-301F-11D3-BF4B-00C04F79EFBC}") = "AppXamarin", "AppXamarin\AppXamarin\AppXamarin.csproj", "{E833795A-83D9-4ECF-9F0B-4FD0665F99FA}"
EndProject
Global
	GlobalSection(SolutionConfigurationPlatforms) = preSolution
		Ad-Hoc|Any CPU = Ad-Hoc|Any CPU
		Ad-Hoc|ARM = Ad-Hoc|ARM
		Ad-Hoc|iPhone = Ad-Hoc|iPhone
		Ad-Hoc|iPhoneSimulator = Ad-Hoc|iPhoneSimulator
		Ad-Hoc|x64 = Ad-Hoc|x64
		Ad-Hoc|x86 = Ad-Hoc|x86
		AppStore|Any CPU = AppStore|Any CPU
		AppStore|ARM = AppStore|ARM
		AppStore|iPhone = AppStore|iPhone
		AppStore|iPhoneSimulator = AppStore|iPhoneSimulator
		AppStore|x64 = AppStore|x64
		AppStore|x86 = AppStore|x86
		Debug|Any CPU = Debug|Any CPU
		Debug|ARM = Debug|ARM
		Debug|iPhone = Debug|iPhone
		Debug|iPhoneSimulator = Debug|iPhoneSimulator
		Debug|x64 = Debug|x64
		Debug|x86 = Debug|x86
		Release|Any CPU = Release|Any CPU
		Release|ARM = Release|ARM
		Release|iPhone = Release|iPhone
		Release|iPhoneSimulator = Release|iPhoneSimulator
		Release|x64 = Release|x64
		Release|x86 = Release|x86
	EndGlobalSection
	GlobalSection(ProjectConfigurationPlatforms) = postSolution
		{3EE0D0D8-E7AB-4FCB-BA00-9664BB4994CE}.Ad-Hoc|Any CPU.ActiveCfg = Release|Any CPU
		{3EE0D0D8-E7AB-4FCB-BA00-9664BB4994CE}.Ad-Hoc|Any CPU.Build.0 = Release|Any CPU
		{3EE0D0D8-E7AB-4FCB-BA00-9664BB4994CE}.Ad-Hoc|Any CPU.Deploy.0 = Release|Any CPU
		{3EE0D0D8-E7AB-4FCB-BA00-9664BB4994CE}.Ad-Hoc|ARM.ActiveCfg = Release|Any CPU
		{3EE0D0D8-E7AB-4FCB-BA00-9664BB4994CE}.Ad-Hoc|ARM.Build.0 = Release|Any CPU
		{3EE0D0D8-E7AB-4FCB-BA00-9664BB4994CE}.Ad-Hoc|ARM.Deploy.0 = Release|Any CPU
		{3EE0D0D8-E7AB-4FCB-BA00-9664BB4994CE}.Ad-Hoc|iPhone.ActiveCfg = Release|Any CPU
		{3EE0D0D8-E7AB-4FCB-BA00-9664BB4994CE}.Ad-Hoc|iPhone.Build.0 = Release|Any CPU
		{3EE0D0D8-E7AB-4FCB-BA00-9664BB4994CE}.Ad-Hoc|iPhone.Deploy.0 = Release|Any CPU
		{3EE0D0D8-E7AB-4FCB-BA00-9664BB4994CE}.Ad-Hoc|iPhoneSimulator.ActiveCfg = Release|Any CPU
		{3EE0D0D8-E7AB-4FCB-BA00-9664BB4994CE}.Ad-Hoc|iPhoneSimulator.Build.0 = Release|Any CPU
		{3EE0D0D8-E7AB-4FCB-BA00-9664BB4994CE}.Ad-Hoc|iPhoneSimulator.Deploy.0 = Release|Any CPU
		{3EE0D0D8-E7AB-4FCB-BA00-9664BB4994CE}.Ad-Hoc|x64.ActiveCfg = Release|Any CPU
		{3EE0D0D8-E7AB-4FCB-BA00-9664BB4994CE}.Ad-Hoc|x64.Build.0 = Release|Any CPU
		{3EE0D0D8-E7AB-4FCB-BA00-9664BB4994CE}.Ad-Hoc|x64.Deploy.0 = Release|Any CPU
		{3EE0D0D8-E7AB-4FCB-BA00-9664BB4994CE}.Ad-Hoc|x86.ActiveCfg = Release|Any CPU
		{3EE0D0D8-E7AB-4FCB-BA00-9664BB4994CE}.Ad-Hoc|x86.Build.0 = Release|Any CPU
		{3EE0D0D8-E7AB-4FCB-BA00-9664BB4994CE}.Ad-Hoc|x86.Deploy.0 = Release|Any CPU
		{3EE0D0D8-E7AB-4FCB-BA00-9664BB4994CE}.AppStore|Any CPU.ActiveCfg = Release|Any CPU
		{3EE0D0D8-E7AB-4FCB-BA00-9664BB4994CE}.AppStore|Any CPU.Build.0 = Release|Any CPU
		{3EE0D0D8-E7AB-4FCB-BA00-9664BB4994CE}.AppStore|Any CPU.Deploy.0 = Release|Any CPU
		{3EE0D0D8-E7AB-4FCB-BA00-9664BB4994CE}.AppStore|ARM.ActiveCfg = Release|Any CPU
		{3EE0D0D8-E7AB-4FCB-BA00-9664BB4994CE}.AppStore|ARM.Build.0 = Release|Any CPU
		{3EE0D0D8-E7AB-4FCB-BA00-9664BB4994CE}.AppStore|ARM.Deploy.0 = Release|Any CPU
		{3EE0D0D8-E7AB-4FCB-BA00-9664BB4994CE}.AppStore|iPhone.ActiveCfg = Release|Any CPU
		{3EE0D0D8-E7AB-4FCB-BA00-9664BB4994CE}.AppStore|iPhone.Build.0 = Release|Any CPU
		{3EE0D0D8-E7AB-4FCB-BA00-9664BB4994CE}.AppStore|iPhone.Deploy.0 = Release|Any CPU
		{3EE0D0D8-E7AB-4FCB-BA00-9664BB4994CE}.AppStore|iPhoneSimulator.ActiveCfg = Release|Any CPU
		{3EE0D0D8-E7AB-4FCB-BA00-9664BB4994CE}.AppStore|iPhoneSimulator.Build.0 = Release|Any CPU
		{3EE0D0D8-E7AB-4FCB-BA00-9664BB4994CE}.AppStore|iPhoneSimulator.Deploy.0 = Release|Any CPU
		{3EE0D0D8-E7AB-4FCB-BA00-9664BB4994CE}.AppStore|x64.ActiveCfg = Release|Any CPU
		{3EE0D0D8-E7AB-4FCB-BA00-9664BB4994CE}.AppStore|x64.Build.0 = Release|Any CPU
		{3EE0D0D8-E7AB-4FCB-BA00-9664BB4994CE}.AppStore|x64.Deploy.0 = Release|Any CPU
		{3EE0D0D8-E7AB-4FCB-BA00-9664BB4994CE}.AppStore|x86.ActiveCfg = Release|Any CPU
		{3EE0D0D8-E7AB-4FCB-BA00-9664BB4994CE}.AppStore|x86.Build.0 = Release|Any CPU
		{3EE0D0D8-E7AB-4FCB-BA00-9664BB4994CE}.AppStore|x86.Deploy.0 = Release|Any CPU
		{3EE0D0D8-E7AB-4FCB-BA00-9664BB4994CE}.Debug|Any CPU.ActiveCfg = Debug|Any CPU
		{3EE0D0D8-E7AB-4FCB-BA00-9664BB4994CE}.Debug|Any CPU.Build.0 = Debug|Any CPU
		{3EE0D0D8-E7AB-4FCB-BA00-9664BB4994CE}.Debug|Any CPU.Deploy.0 = Debug|Any CPU
		{3EE0D0D8-E7AB-4FCB-BA00-9664BB4994CE}.Debug|ARM.ActiveCfg = Debug|Any CPU
		{3EE0D0D8-E7AB-4FCB-BA00-9664BB4994CE}.Debug|ARM.Build.0 = Debug|Any CPU
		{3EE0D0D8-E7AB-4FCB-BA00-9664BB4994CE}.Debug|ARM.Deploy.0 = Debug|Any CPU
		{3EE0D0D8-E7AB-4FCB-BA00-9664BB4994CE}.Debug|iPhone.ActiveCfg = Debug|Any CPU
		{3EE0D0D8-E7AB-4FCB-BA00-9664BB4994CE}.Debug|iPhone.Build.0 = Debug|Any CPU
		{3EE0D0D8-E7AB-4FCB-BA00-9664BB4994CE}.Debug|iPhone.Deploy.0 = Debug|Any CPU
		{3EE0D0D8-E7AB-4FCB-BA00-9664BB4994CE}.Debug|iPhoneSimulator.ActiveCfg = Debug|Any CPU
		{3EE0D0D8-E7AB-4FCB-BA00-9664BB4994CE}.Debug|iPhoneSimulator.Build.0 = Debug|Any CPU
		{3EE0D0D8-E7AB-4FCB-BA00-9664BB4994CE}.Debug|iPhoneSimulator.Deploy.0 = Debug|Any CPU
		{3EE0D0D8-E7AB-4FCB-BA00-9664BB4994CE}.Debug|x64.ActiveCfg = Debug|Any CPU
		{3EE0D0D8-E7AB-4FCB-BA00-9664BB4994CE}.Debug|x64.Build.0 = Debug|Any CPU
		{3EE0D0D8-E7AB-4FCB-BA00-9664BB4994CE}.Debug|x64.Deploy.0 = Debug|Any CPU
		{3EE0D0D8-E7AB-4FCB-BA00-9664BB4994CE}.Debug|x86.ActiveCfg = Debug|Any CPU
		{3EE0D0D8-E7AB-4FCB-BA00-9664BB4994CE}.Debug|x86.Build.0 = Debug|Any CPU
		{3EE0D0D8-E7AB-4FCB-BA00-9664BB4994CE}.Debug|x86.Deploy.0 = Debug|Any CPU
		{3EE0D0D8-E7AB-4FCB-BA00-9664BB4994CE}.Release|Any CPU.ActiveCfg = Release|Any CPU
		{3EE0D0D8-E7AB-4FCB-BA00-9664BB4994CE}.Release|Any CPU.Build.0 = Release|Any CPU
		{3EE0D0D8-E7AB-4FCB-BA00-9664BB4994CE}.Release|Any CPU.Deploy.0 = Release|Any CPU
		{3EE0D0D8-E7AB-4FCB-BA00-9664BB4994CE}.Release|ARM.ActiveCfg = Release|Any CPU
		{3EE0D0D8-E7AB-4FCB-BA00-9664BB4994CE}.Release|ARM.Build.0 = Release|Any CPU
		{3EE0D0D8-E7AB-4FCB-BA00-9664BB4994CE}.Release|ARM.Deploy.0 = Release|Any CPU
		{3EE0D0D8-E7AB-4FCB-BA00-9664BB4994CE}.Release|iPhone.ActiveCfg = Release|Any CPU
		{3EE0D0D8-E7AB-4FCB-BA00-9664BB4994CE}.Release|iPhone.Build.0 = Release|Any CPU
		{3EE0D0D8-E7AB-4FCB-BA00-9664BB4994CE}.Release|iPhone.Deploy.0 = Release|Any CPU
		{3EE0D0D8-E7AB-4FCB-BA00-9664BB4994CE}.Release|iPhoneSimulator.ActiveCfg = Release|Any CPU
		{3EE0D0D8-E7AB-4FCB-BA00-9664BB4994CE}.Release|iPhoneSimulator.Build.0 = Release|Any CPU
		{3EE0D0D8-E7AB-4FCB-BA00-9664BB4994CE}.Release|iPhoneSimulator.Deploy.0 = Release|Any CPU
		{3EE0D0D8-E7AB-4FCB-BA00-9664BB4994CE}.Release|x64.ActiveCfg = Release|Any CPU
		{3EE0D0D8-E7AB-4FCB-BA00-9664BB4994CE}.Release|x64.Build.0 = Release|Any CPU
		{3EE0D0D8-E7AB-4FCB-BA00-9664BB4994CE}.Release|x64.Deploy.0 = Release|Any CPU
		{3EE0D0D8-E7AB-4FCB-BA00-9664BB4994CE}.Release|x86.ActiveCfg = Release|Any CPU
		{3EE0D0D8-E7AB-4FCB-BA00-9664BB4994CE}.Release|x86.Build.0 = Release|Any CPU
		{3EE0D0D8-E7AB-4FCB-BA00-9664BB4994CE}.Release|x86.Deploy.0 = Release|Any CPU
		{7BBA642F-817E-4A42-8DAF-95CB6E848633}.Ad-Hoc|Any CPU.ActiveCfg = Ad-Hoc|iPhone
		{7BBA642F-817E-4A42-8DAF-95CB6E848633}.Ad-Hoc|Any CPU.Build.0 = Ad-Hoc|iPhone
		{7BBA642F-817E-4A42-8DAF-95CB6E848633}.Ad-Hoc|Any CPU.Deploy.0 = Ad-Hoc|iPhone
		{7BBA642F-817E-4A42-8DAF-95CB6E848633}.Ad-Hoc|ARM.ActiveCfg = Ad-Hoc|iPhone
		{7BBA642F-817E-4A42-8DAF-95CB6E848633}.Ad-Hoc|ARM.Build.0 = Ad-Hoc|iPhone
		{7BBA642F-817E-4A42-8DAF-95CB6E848633}.Ad-Hoc|ARM.Deploy.0 = Ad-Hoc|iPhone
		{7BBA642F-817E-4A42-8DAF-95CB6E848633}.Ad-Hoc|iPhone.ActiveCfg = Ad-Hoc|iPhone
		{7BBA642F-817E-4A42-8DAF-95CB6E848633}.Ad-Hoc|iPhone.Build.0 = Ad-Hoc|iPhone
		{7BBA642F-817E-4A42-8DAF-95CB6E848633}.Ad-Hoc|iPhone.Deploy.0 = Ad-Hoc|iPhone
		{7BBA642F-817E-4A42-8DAF-95CB6E848633}.Ad-Hoc|iPhoneSimulator.ActiveCfg = Ad-Hoc|iPhoneSimulator
		{7BBA642F-817E-4A42-8DAF-95CB6E848633}.Ad-Hoc|iPhoneSimulator.Build.0 = Ad-Hoc|iPhoneSimulator
		{7BBA642F-817E-4A42-8DAF-95CB6E848633}.Ad-Hoc|iPhoneSimulator.Deploy.0 = Ad-Hoc|iPhoneSimulator
		{7BBA642F-817E-4A42-8DAF-95CB6E848633}.Ad-Hoc|x64.ActiveCfg = Ad-Hoc|iPhone
		{7BBA642F-817E-4A42-8DAF-95CB6E848633}.Ad-Hoc|x64.Build.0 = Ad-Hoc|iPhone
		{7BBA642F-817E-4A42-8DAF-95CB6E848633}.Ad-Hoc|x64.Deploy.0 = Ad-Hoc|iPhone
		{7BBA642F-817E-4A42-8DAF-95CB6E848633}.Ad-Hoc|x86.ActiveCfg = Ad-Hoc|iPhone
		{7BBA642F-817E-4A42-8DAF-95CB6E848633}.Ad-Hoc|x86.Build.0 = Ad-Hoc|iPhone
		{7BBA642F-817E-4A42-8DAF-95CB6E848633}.Ad-Hoc|x86.Deploy.0 = Ad-Hoc|iPhone
		{7BBA642F-817E-4A42-8DAF-95CB6E848633}.AppStore|Any CPU.ActiveCfg = AppStore|iPhone
		{7BBA642F-817E-4A42-8DAF-95CB6E848633}.AppStore|Any CPU.Build.0 = AppStore|iPhone
		{7BBA642F-817E-4A42-8DAF-95CB6E848633}.AppStore|Any CPU.Deploy.0 = AppStore|iPhone
		{7BBA642F-817E-4A42-8DAF-95CB6E848633}.AppStore|ARM.ActiveCfg = AppStore|iPhone
		{7BBA642F-817E-4A42-8DAF-95CB6E848633}.AppStore|ARM.Build.0 = AppStore|iPhone
		{7BBA642F-817E-4A42-8DAF-95CB6E848633}.AppStore|ARM.Deploy.0 = AppStore|iPhone
		{7BBA642F-817E-4A42-8DAF-95CB6E848633}.AppStore|iPhone.ActiveCfg = AppStore|iPhone
		{7BBA642F-817E-4A42-8DAF-95CB6E848633}.AppStore|iPhone.Build.0 = AppStore|iPhone
		{7BBA642F-817E-4A42-8DAF-95CB6E848633}.AppStore|iPhone.Deploy.0 = AppStore|iPhone
		{7BBA642F-817E-4A42-8DAF-95CB6E848633}.AppStore|iPhoneSimulator.ActiveCfg = AppStore|iPhoneSimulator
		{7BBA642F-817E-4A42-8DAF-95CB6E848633}.AppStore|iPhoneSimulator.Build.0 = AppStore|iPhoneSimulator
		{7BBA642F-817E-4A42-8DAF-95CB6E848633}.AppStore|iPhoneSimulator.Deploy.0 = AppStore|iPhoneSimulator
		{7BBA642F-817E-4A42-8DAF-95CB6E848633}.AppStore|x64.ActiveCfg = AppStore|iPhone
		{7BBA642F-817E-4A42-8DAF-95CB6E848633}.AppStore|x64.Build.0 = AppStore|iPhone
		{7BBA642F-817E-4A42-8DAF-95CB6E848633}.AppStore|x64.Deploy.0 = AppStore|iPhone
		{7BBA642F-817E-4A42-8DAF-95CB6E848633}.AppStore|x86.ActiveCfg = AppStore|iPhone
		{7BBA642F-817E-4A42-8DAF-95CB6E848633}.AppStore|x86.Build.0 = AppStore|iPhone
		{7BBA642F-817E-4A42-8DAF-95CB6E848633}.AppStore|x86.Deploy.0 = AppStore|iPhone
		{7BBA642F-817E-4A42-8DAF-95CB6E848633}.Debug|Any CPU.ActiveCfg = Debug|iPhoneSimulator
		{7BBA642F-817E-4A42-8DAF-95CB6E848633}.Debug|Any CPU.Build.0 = Debug|iPhoneSimulator
		{7BBA642F-817E-4A42-8DAF-95CB6E848633}.Debug|Any CPU.Deploy.0 = Debug|iPhoneSimulator
		{7BBA642F-817E-4A42-8DAF-95CB6E848633}.Debug|ARM.ActiveCfg = Debug|iPhone
		{7BBA642F-817E-4A42-8DAF-95CB6E848633}.Debug|ARM.Build.0 = Debug|iPhone
		{7BBA642F-817E-4A42-8DAF-95CB6E848633}.Debug|ARM.Deploy.0 = Debug|iPhone
		{7BBA642F-817E-4A42-8DAF-95CB6E848633}.Debug|iPhone.ActiveCfg = Debug|iPhone
		{7BBA642F-817E-4A42-8DAF-95CB6E848633}.Debug|iPhone.Build.0 = Debug|iPhone
		{7BBA642F-817E-4A42-8DAF-95CB6E848633}.Debug|iPhone.Deploy.0 = Debug|iPhone
		{7BBA642F-817E-4A42-8DAF-95CB6E848633}.Debug|iPhoneSimulator.ActiveCfg = Debug|iPhoneSimulator
		{7BBA642F-817E-4A42-8DAF-95CB6E848633}.Debug|iPhoneSimulator.Build.0 = Debug|iPhoneSimulator
		{7BBA642F-817E-4A42-8DAF-95CB6E848633}.Debug|iPhoneSimulator.Deploy.0 = Debug|iPhoneSimulator
		{7BBA642F-817E-4A42-8DAF-95CB6E848633}.Debug|x64.ActiveCfg = Debug|iPhone
		{7BBA642F-817E-4A42-8DAF-95CB6E848633}.Debug|x64.Build.0 = Debug|iPhone
		{7BBA642F-817E-4A42-8DAF-95CB6E848633}.Debug|x64.Deploy.0 = Debug|iPhone
		{7BBA642F-817E-4A42-8DAF-95CB6E848633}.Debug|x86.ActiveCfg = Debug|iPhone
		{7BBA642F-817E-4A42-8DAF-95CB6E848633}.Debug|x86.Build.0 = Debug|iPhone
		{7BBA642F-817E-4A42-8DAF-95CB6E848633}.Debug|x86.Deploy.0 = Debug|iPhone
		{7BBA642F-817E-4A42-8DAF-95CB6E848633}.Release|Any CPU.ActiveCfg = Release|iPhone
		{7BBA642F-817E-4A42-8DAF-95CB6E848633}.Release|Any CPU.Build.0 = Release|iPhone
		{7BBA642F-817E-4A42-8DAF-95CB6E848633}.Release|Any CPU.Deploy.0 = Release|iPhone
		{7BBA642F-817E-4A42-8DAF-95CB6E848633}.Release|ARM.ActiveCfg = Release|iPhone
		{7BBA642F-817E-4A42-8DAF-95CB6E848633}.Release|ARM.Build.0 = Release|iPhone
		{7BBA642F-817E-4A42-8DAF-95CB6E848633}.Release|ARM.Deploy.0 = Release|iPhone
		{7BBA642F-817E-4A42-8DAF-95CB6E848633}.Release|iPhone.ActiveCfg = Release|iPhone
		{7BBA642F-817E-4A42-8DAF-95CB6E848633}.Release|iPhone.Build.0 = Release|iPhone
		{7BBA642F-817E-4A42-8DAF-95CB6E848633}.Release|iPhone.Deploy.0 = Release|iPhone
		{7BBA642F-817E-4A42-8DAF-95CB6E848633}.Release|iPhoneSimulator.ActiveCfg = Release|iPhoneSimulator
		{7BBA642F-817E-4A42-8DAF-95CB6E848633}.Release|iPhoneSimulator.Build.0 = Release|iPhoneSimulator
		{7BBA642F-817E-4A42-8DAF-95CB6E848633}.Release|iPhoneSimulator.Deploy.0 = Release|iPhoneSimulator
		{7BBA642F-817E-4A42-8DAF-95CB6E848633}.Release|x64.ActiveCfg = Release|iPhone
		{7BBA642F-817E-4A42-8DAF-95CB6E848633}.Release|x64.Build.0 = Release|iPhone
		{7BBA642F-817E-4A42-8DAF-95CB6E848633}.Release|x64.Deploy.0 = Release|iPhone
		{7BBA642F-817E-4A42-8DAF-95CB6E848633}.Release|x86.ActiveCfg = Release|iPhone
		{7BBA642F-817E-4A42-8DAF-95CB6E848633}.Release|x86.Build.0 = Release|iPhone
		{7BBA642F-817E-4A42-8DAF-95CB6E848633}.Release|x86.Deploy.0 = Release|iPhone
		{8958F6C9-55CC-44E1-85F3-9963F9B3AEC1}.Ad-Hoc|Any CPU.ActiveCfg = Release|x86
		{8958F6C9-55CC-44E1-85F3-9963F9B3AEC1}.Ad-Hoc|Any CPU.Build.0 = Release|x86
		{8958F6C9-55CC-44E1-85F3-9963F9B3AEC1}.Ad-Hoc|Any CPU.Deploy.0 = Release|x86
		{8958F6C9-55CC-44E1-85F3-9963F9B3AEC1}.Ad-Hoc|ARM.ActiveCfg = Release|ARM
		{8958F6C9-55CC-44E1-85F3-9963F9B3AEC1}.Ad-Hoc|ARM.Build.0 = Release|ARM
		{8958F6C9-55CC-44E1-85F3-9963F9B3AEC1}.Ad-Hoc|ARM.Deploy.0 = Release|ARM
		{8958F6C9-55CC-44E1-85F3-9963F9B3AEC1}.Ad-Hoc|iPhone.ActiveCfg = Release|x86
		{8958F6C9-55CC-44E1-85F3-9963F9B3AEC1}.Ad-Hoc|iPhone.Build.0 = Release|x86
		{8958F6C9-55CC-44E1-85F3-9963F9B3AEC1}.Ad-Hoc|iPhone.Deploy.0 = Release|x86
		{8958F6C9-55CC-44E1-85F3-9963F9B3AEC1}.Ad-Hoc|iPhoneSimulator.ActiveCfg = Release|x86
		{8958F6C9-55CC-44E1-85F3-9963F9B3AEC1}.Ad-Hoc|iPhoneSimulator.Build.0 = Release|x86
		{8958F6C9-55CC-44E1-85F3-9963F9B3AEC1}.Ad-Hoc|iPhoneSimulator.Deploy.0 = Release|x86
		{8958F6C9-55CC-44E1-85F3-9963F9B3AEC1}.Ad-Hoc|x64.ActiveCfg = Release|x64
		{8958F6C9-55CC-44E1-85F3-9963F9B3AEC1}.Ad-Hoc|x64.Build.0 = Release|x64
		{8958F6C9-55CC-44E1-85F3-9963F9B3AEC1}.Ad-Hoc|x64.Deploy.0 = Release|x64
		{8958F6C9-55CC-44E1-85F3-9963F9B3AEC1}.Ad-Hoc|x86.ActiveCfg = Release|x86
		{8958F6C9-55CC-44E1-85F3-9963F9B3AEC1}.Ad-Hoc|x86.Build.0 = Release|x86
		{8958F6C9-55CC-44E1-85F3-9963F9B3AEC1}.Ad-Hoc|x86.Deploy.0 = Release|x86
		{8958F6C9-55CC-44E1-85F3-9963F9B3AEC1}.AppStore|Any CPU.ActiveCfg = Release|x86
		{8958F6C9-55CC-44E1-85F3-9963F9B3AEC1}.AppStore|Any CPU.Build.0 = Release|x86
		{8958F6C9-55CC-44E1-85F3-9963F9B3AEC1}.AppStore|Any CPU.Deploy.0 = Release|x86
		{8958F6C9-55CC-44E1-85F3-9963F9B3AEC1}.AppStore|ARM.ActiveCfg = Release|ARM
		{8958F6C9-55CC-44E1-85F3-9963F9B3AEC1}.AppStore|ARM.Build.0 = Release|ARM
		{8958F6C9-55CC-44E1-85F3-9963F9B3AEC1}.AppStore|ARM.Deploy.0 = Release|ARM
		{8958F6C9-55CC-44E1-85F3-9963F9B3AEC1}.AppStore|iPhone.ActiveCfg = Release|x86
		{8958F6C9-55CC-44E1-85F3-9963F9B3AEC1}.AppStore|iPhone.Build.0 = Release|x86
		{8958F6C9-55CC-44E1-85F3-9963F9B3AEC1}.AppStore|iPhone.Deploy.0 = Release|x86
		{8958F6C9-55CC-44E1-85F3-9963F9B3AEC1}.AppStore|iPhoneSimulator.ActiveCfg = Release|x86
		{8958F6C9-55CC-44E1-85F3-9963F9B3AEC1}.AppStore|iPhoneSimulator.Build.0 = Release|x86
		{8958F6C9-55CC-44E1-85F3-9963F9B3AEC1}.AppStore|iPhoneSimulator.Deploy.0 = Release|x86
		{8958F6C9-55CC-44E1-85F3-9963F9B3AEC1}.AppStore|x64.ActiveCfg = Release|x64
		{8958F6C9-55CC-44E1-85F3-9963F9B3AEC1}.AppStore|x64.Build.0 = Release|x64
		{8958F6C9-55CC-44E1-85F3-9963F9B3AEC1}.AppStore|x64.Deploy.0 = Release|x64
		{8958F6C9-55CC-44E1-85F3-9963F9B3AEC1}.AppStore|x86.ActiveCfg = Release|x86
		{8958F6C9-55CC-44E1-85F3-9963F9B3AEC1}.AppStore|x86.Build.0 = Release|x86
		{8958F6C9-55CC-44E1-85F3-9963F9B3AEC1}.AppStore|x86.Deploy.0 = Release|x86
		{8958F6C9-55CC-44E1-85F3-9963F9B3AEC1}.Debug|Any CPU.ActiveCfg = Debug|x86
		{8958F6C9-55CC-44E1-85F3-9963F9B3AEC1}.Debug|Any CPU.Build.0 = Debug|x86
		{8958F6C9-55CC-44E1-85F3-9963F9B3AEC1}.Debug|Any CPU.Deploy.0 = Debug|x86
		{8958F6C9-55CC-44E1-85F3-9963F9B3AEC1}.Debug|ARM.ActiveCfg = Debug|ARM
		{8958F6C9-55CC-44E1-85F3-9963F9B3AEC1}.Debug|ARM.Build.0 = Debug|ARM
		{8958F6C9-55CC-44E1-85F3-9963F9B3AEC1}.Debug|ARM.Deploy.0 = Debug|ARM
		{8958F6C9-55CC-44E1-85F3-9963F9B3AEC1}.Debug|iPhone.ActiveCfg = Debug|x86
		{8958F6C9-55CC-44E1-85F3-9963F9B3AEC1}.Debug|iPhone.Build.0 = Debug|x86
		{8958F6C9-55CC-44E1-85F3-9963F9B3AEC1}.Debug|iPhone.Deploy.0 = Debug|x86
		{8958F6C9-55CC-44E1-85F3-9963F9B3AEC1}.Debug|iPhoneSimulator.ActiveCfg = Debug|x86
		{8958F6C9-55CC-44E1-85F3-9963F9B3AEC1}.Debug|iPhoneSimulator.Build.0 = Debug|x86
		{8958F6C9-55CC-44E1-85F3-9963F9B3AEC1}.Debug|iPhoneSimulator.Deploy.0 = Debug|x86
		{8958F6C9-55CC-44E1-85F3-9963F9B3AEC1}.Debug|x64.ActiveCfg = Debug|x64
		{8958F6C9-55CC-44E1-85F3-9963F9B3AEC1}.Debug|x64.Build.0 = Debug|x64
		{8958F6C9-55CC-44E1-85F3-9963F9B3AEC1}.Debug|x64.Deploy.0 = Debug|x64
		{8958F6C9-55CC-44E1-85F3-9963F9B3AEC1}.Debug|x86.ActiveCfg = Debug|x86
		{8958F6C9-55CC-44E1-85F3-9963F9B3AEC1}.Debug|x86.Build.0 = Debug|x86
		{8958F6C9-55CC-44E1-85F3-9963F9B3AEC1}.Debug|x86.Deploy.0 = Debug|x86
		{8958F6C9-55CC-44E1-85F3-9963F9B3AEC1}.Release|Any CPU.ActiveCfg = Release|x86
		{8958F6C9-55CC-44E1-85F3-9963F9B3AEC1}.Release|Any CPU.Build.0 = Release|x86
		{8958F6C9-55CC-44E1-85F3-9963F9B3AEC1}.Release|Any CPU.Deploy.0 = Release|x86
		{8958F6C9-55CC-44E1-85F3-9963F9B3AEC1}.Release|ARM.ActiveCfg = Release|ARM
		{8958F6C9-55CC-44E1-85F3-9963F9B3AEC1}.Release|ARM.Build.0 = Release|ARM
		{8958F6C9-55CC-44E1-85F3-9963F9B3AEC1}.Release|ARM.Deploy.0 = Release|ARM
		{8958F6C9-55CC-44E1-85F3-9963F9B3AEC1}.Release|iPhone.ActiveCfg = Release|x86
		{8958F6C9-55CC-44E1-85F3-9963F9B3AEC1}.Release|iPhone.Build.0 = Release|x86
		{8958F6C9-55CC-44E1-85F3-9963F9B3AEC1}.Release|iPhone.Deploy.0 = Release|x86
		{8958F6C9-55CC-44E1-85F3-9963F9B3AEC1}.Release|iPhoneSimulator.ActiveCfg = Release|x86
		{8958F6C9-55CC-44E1-85F3-9963F9B3AEC1}.Release|iPhoneSimulator.Build.0 = Release|x86
		{8958F6C9-55CC-44E1-85F3-9963F9B3AEC1}.Release|iPhoneSimulator.Deploy.0 = Release|x86
		{8958F6C9-55CC-44E1-85F3-9963F9B3AEC1}.Release|x64.ActiveCfg = Release|x64
		{8958F6C9-55CC-44E1-85F3-9963F9B3AEC1}.Release|x64.Build.0 = Release|x64
		{8958F6C9-55CC-44E1-85F3-9963F9B3AEC1}.Release|x64.Deploy.0 = Release|x64
		{8958F6C9-55CC-44E1-85F3-9963F9B3AEC1}.Release|x86.ActiveCfg = Release|x86
		{8958F6C9-55CC-44E1-85F3-9963F9B3AEC1}.Release|x86.Build.0 = Release|x86
		{8958F6C9-55CC-44E1-85F3-9963F9B3AEC1}.Release|x86.Deploy.0 = Release|x86
		{E833795A-83D9-4ECF-9F0B-4FD0665F99FA}.Ad-Hoc|Any CPU.ActiveCfg = Debug|Any CPU
		{E833795A-83D9-4ECF-9F0B-4FD0665F99FA}.Ad-Hoc|Any CPU.Build.0 = Debug|Any CPU
		{E833795A-83D9-4ECF-9F0B-4FD0665F99FA}.Ad-Hoc|Any CPU.Deploy.0 = Debug|Any CPU
		{E833795A-83D9-4ECF-9F0B-4FD0665F99FA}.Ad-Hoc|ARM.ActiveCfg = Debug|Any CPU
		{E833795A-83D9-4ECF-9F0B-4FD0665F99FA}.Ad-Hoc|ARM.Build.0 = Debug|Any CPU
		{E833795A-83D9-4ECF-9F0B-4FD0665F99FA}.Ad-Hoc|ARM.Deploy.0 = Debug|Any CPU
		{E833795A-83D9-4ECF-9F0B-4FD0665F99FA}.Ad-Hoc|iPhone.ActiveCfg = Debug|Any CPU
		{E833795A-83D9-4ECF-9F0B-4FD0665F99FA}.Ad-Hoc|iPhone.Build.0 = Debug|Any CPU
		{E833795A-83D9-4ECF-9F0B-4FD0665F99FA}.Ad-Hoc|iPhone.Deploy.0 = Debug|Any CPU
		{E833795A-83D9-4ECF-9F0B-4FD0665F99FA}.Ad-Hoc|iPhoneSimulator.ActiveCfg = Debug|Any CPU
		{E833795A-83D9-4ECF-9F0B-4FD0665F99FA}.Ad-Hoc|iPhoneSimulator.Build.0 = Debug|Any CPU
		{E833795A-83D9-4ECF-9F0B-4FD0665F99FA}.Ad-Hoc|iPhoneSimulator.Deploy.0 = Debug|Any CPU
		{E833795A-83D9-4ECF-9F0B-4FD0665F99FA}.Ad-Hoc|x64.ActiveCfg = Debug|Any CPU
		{E833795A-83D9-4ECF-9F0B-4FD0665F99FA}.Ad-Hoc|x64.Build.0 = Debug|Any CPU
		{E833795A-83D9-4ECF-9F0B-4FD0665F99FA}.Ad-Hoc|x64.Deploy.0 = Debug|Any CPU
		{E833795A-83D9-4ECF-9F0B-4FD0665F99FA}.Ad-Hoc|x86.ActiveCfg = Debug|Any CPU
		{E833795A-83D9-4ECF-9F0B-4FD0665F99FA}.Ad-Hoc|x86.Build.0 = Debug|Any CPU
		{E833795A-83D9-4ECF-9F0B-4FD0665F99FA}.Ad-Hoc|x86.Deploy.0 = Debug|Any CPU
		{E833795A-83D9-4ECF-9F0B-4FD0665F99FA}.AppStore|Any CPU.ActiveCfg = Debug|Any CPU
		{E833795A-83D9-4ECF-9F0B-4FD0665F99FA}.AppStore|Any CPU.Build.0 = Debug|Any CPU
		{E833795A-83D9-4ECF-9F0B-4FD0665F99FA}.AppStore|Any CPU.Deploy.0 = Debug|Any CPU
		{E833795A-83D9-4ECF-9F0B-4FD0665F99FA}.AppStore|ARM.ActiveCfg = Debug|Any CPU
		{E833795A-83D9-4ECF-9F0B-4FD0665F99FA}.AppStore|ARM.Build.0 = Debug|Any CPU
		{E833795A-83D9-4ECF-9F0B-4FD0665F99FA}.AppStore|ARM.Deploy.0 = Debug|Any CPU
		{E833795A-83D9-4ECF-9F0B-4FD0665F99FA}.AppStore|iPhone.ActiveCfg = Debug|Any CPU
		{E833795A-83D9-4ECF-9F0B-4FD0665F99FA}.AppStore|iPhone.Build.0 = Debug|Any CPU
		{E833795A-83D9-4ECF-9F0B-4FD0665F99FA}.AppStore|iPhone.Deploy.0 = Debug|Any CPU
		{E833795A-83D9-4ECF-9F0B-4FD0665F99FA}.AppStore|iPhoneSimulator.ActiveCfg = Debug|Any CPU
		{E833795A-83D9-4ECF-9F0B-4FD0665F99FA}.AppStore|iPhoneSimulator.Build.0 = Debug|Any CPU
		{E833795A-83D9-4ECF-9F0B-4FD0665F99FA}.AppStore|iPhoneSimulator.Deploy.0 = Debug|Any CPU
		{E833795A-83D9-4ECF-9F0B-4FD0665F99FA}.AppStore|x64.ActiveCfg = Debug|Any CPU
		{E833795A-83D9-4ECF-9F0B-4FD0665F99FA}.AppStore|x64.Build.0 = Debug|Any CPU
		{E833795A-83D9-4ECF-9F0B-4FD0665F99FA}.AppStore|x64.Deploy.0 = Debug|Any CPU
		{E833795A-83D9-4ECF-9F0B-4FD0665F99FA}.AppStore|x86.ActiveCfg = Debug|Any CPU
		{E833795A-83D9-4ECF-9F0B-4FD0665F99FA}.AppStore|x86.Build.0 = Debug|Any CPU
		{E833795A-83D9-4ECF-9F0B-4FD0665F99FA}.AppStore|x86.Deploy.0 = Debug|Any CPU
		{E833795A-83D9-4ECF-9F0B-4FD0665F99FA}.Debug|Any CPU.ActiveCfg = Debug|Any CPU
		{E833795A-83D9-4ECF-9F0B-4FD0665F99FA}.Debug|Any CPU.Build.0 = Debug|Any CPU
		{E833795A-83D9-4ECF-9F0B-4FD0665F99FA}.Debug|Any CPU.Deploy.0 = Debug|Any CPU
		{E833795A-83D9-4ECF-9F0B-4FD0665F99FA}.Debug|ARM.ActiveCfg = Debug|Any CPU
		{E833795A-83D9-4ECF-9F0B-4FD0665F99FA}.Debug|ARM.Build.0 = Debug|Any CPU
		{E833795A-83D9-4ECF-9F0B-4FD0665F99FA}.Debug|ARM.Deploy.0 = Debug|Any CPU
		{E833795A-83D9-4ECF-9F0B-4FD0665F99FA}.Debug|iPhone.ActiveCfg = Debug|Any CPU
		{E833795A-83D9-4ECF-9F0B-4FD0665F99FA}.Debug|iPhone.Build.0 = Debug|Any CPU
		{E833795A-83D9-4ECF-9F0B-4FD0665F99FA}.Debug|iPhone.Deploy.0 = Debug|Any CPU
		{E833795A-83D9-4ECF-9F0B-4FD0665F99FA}.Debug|iPhoneSimulator.ActiveCfg = Debug|Any CPU
		{E833795A-83D9-4ECF-9F0B-4FD0665F99FA}.Debug|iPhoneSimulator.Build.0 = Debug|Any CPU
		{E833795A-83D9-4ECF-9F0B-4FD0665F99FA}.Debug|iPhoneSimulator.Deploy.0 = Debug|Any CPU
		{E833795A-83D9-4ECF-9F0B-4FD0665F99FA}.Debug|x64.ActiveCfg = Debug|Any CPU
		{E833795A-83D9-4ECF-9F0B-4FD0665F99FA}.Debug|x64.Build.0 = Debug|Any CPU
		{E833795A-83D9-4ECF-9F0B-4FD0665F99FA}.Debug|x64.Deploy.0 = Debug|Any CPU
		{E833795A-83D9-4ECF-9F0B-4FD0665F99FA}.Debug|x86.ActiveCfg = Debug|Any CPU
		{E833795A-83D9-4ECF-9F0B-4FD0665F99FA}.Debug|x86.Build.0 = Debug|Any CPU
		{E833795A-83D9-4ECF-9F0B-4FD0665F99FA}.Debug|x86.Deploy.0 = Debug|Any CPU
		{E833795A-83D9-4ECF-9F0B-4FD0665F99FA}.Release|Any CPU.ActiveCfg = Release|Any CPU
		{E833795A-83D9-4ECF-9F0B-4FD0665F99FA}.Release|Any CPU.Build.0 = Release|Any CPU
		{E833795A-83D9-4ECF-9F0B-4FD0665F99FA}.Release|Any CPU.Deploy.0 = Release|Any CPU
		{E833795A-83D9-4ECF-9F0B-4FD0665F99FA}.Release|ARM.ActiveCfg = Release|Any CPU
		{E833795A-83D9-4ECF-9F0B-4FD0665F99FA}.Release|ARM.Build.0 = Release|Any CPU
		{E833795A-83D9-4ECF-9F0B-4FD0665F99FA}.Release|ARM.Deploy.0 = Release|Any CPU
		{E833795A-83D9-4ECF-9F0B-4FD0665F99FA}.Release|iPhone.ActiveCfg = Release|Any CPU
		{E833795A-83D9-4ECF-9F0B-4FD0665F99FA}.Release|iPhone.Build.0 = Release|Any CPU
		{E833795A-83D9-4ECF-9F0B-4FD0665F99FA}.Release|iPhone.Deploy.0 = Release|Any CPU
		{E833795A-83D9-4ECF-9F0B-4FD0665F99FA}.Release|iPhoneSimulator.ActiveCfg = Release|Any CPU
		{E833795A-83D9-4ECF-9F0B-4FD0665F99FA}.Release|iPhoneSimulator.Build.0 = Release|Any CPU
		{E833795A-83D9-4ECF-9F0B-4FD0665F99FA}.Release|iPhoneSimulator.Deploy.0 = Release|Any CPU
		{E833795A-83D9-4ECF-9F0B-4FD0665F99FA}.Release|x64.ActiveCfg = Release|Any CPU
		{E833795A-83D9-4ECF-9F0B-4FD0665F99FA}.Release|x64.Build.0 = Release|Any CPU
		{E833795A-83D9-4ECF-9F0B-4FD0665F99FA}.Release|x64.Deploy.0 = Release|Any CPU
		{E833795A-83D9-4ECF-9F0B-4FD0665F99FA}.Release|x86.ActiveCfg = Release|Any CPU
		{E833795A-83D9-4ECF-9F0B-4FD0665F99FA}.Release|x86.Build.0 = Release|Any CPU
		{E833795A-83D9-4ECF-9F0B-4FD0665F99FA}.Release|x86.Deploy.0 = Release|Any CPU
	EndGlobalSection
	GlobalSection(SolutionProperties) = preSolution
		HideSolutionNode = FALSE
	EndGlobalSection
	GlobalSection(ExtensibilityGlobals) = postSolution
		SolutionGuid = {BA9AC0E0-A6DB-443D-9757-E3CD6830AF59}
	EndGlobalSection
EndGlobal
