
Microsoft Visual Studio Solution File, Format Version 12.00
# Visual Studio Version 16
VisualStudioVersion = 16.0.30011.22
MinimumVisualStudioVersion = 10.0.40219.1
Project("{FAE04EC0-301F-11D3-BF4B-00C04F79EFBC}") = "CamellosUI", "CamellosUI\CamellosUI.csproj", "{0C7BE261-D9A8-4F80-8B41-232593D6DC80}"
EndProject
Project("{FAE04EC0-301F-11D3-BF4B-00C04F79EFBC}") = "CamellosET", "CamellosET\CamellosET.csproj", "{39A18AF0-BB7A-455D-8322-7918DA9EB04B}"
EndProject
Project("{FAE04EC0-301F-11D3-BF4B-00C04F79EFBC}") = "CamellosDAL", "CamellosDAL\CamellosDAL.csproj", "{3622A26B-C0C7-48A7-92A9-94E584A88A7D}"
EndProject
Project("{FAE04EC0-301F-11D3-BF4B-00C04F79EFBC}") = "CamellosBL", "CamellosBL\CamellosBL.csproj", "{CDED130B-AA93-4575-A36D-62EF819E8102}"
EndProject
Global
	GlobalSection(SolutionConfigurationPlatforms) = preSolution
		Debug|Any CPU = Debug|Any CPU
		Debug|ARM = Debug|ARM
		Debug|ARM64 = Debug|ARM64
		Debug|x64 = Debug|x64
		Debug|x86 = Debug|x86
		Release|Any CPU = Release|Any CPU
		Release|ARM = Release|ARM
		Release|ARM64 = Release|ARM64
		Release|x64 = Release|x64
		Release|x86 = Release|x86
	EndGlobalSection
	GlobalSection(ProjectConfigurationPlatforms) = postSolution
		{0C7BE261-D9A8-4F80-8B41-232593D6DC80}.Debug|Any CPU.ActiveCfg = Debug|x86
		{0C7BE261-D9A8-4F80-8B41-232593D6DC80}.Debug|ARM.ActiveCfg = Debug|ARM
		{0C7BE261-D9A8-4F80-8B41-232593D6DC80}.Debug|ARM.Build.0 = Debug|ARM
		{0C7BE261-D9A8-4F80-8B41-232593D6DC80}.Debug|ARM.Deploy.0 = Debug|ARM
		{0C7BE261-D9A8-4F80-8B41-232593D6DC80}.Debug|ARM64.ActiveCfg = Debug|ARM64
		{0C7BE261-D9A8-4F80-8B41-232593D6DC80}.Debug|ARM64.Build.0 = Debug|ARM64
		{0C7BE261-D9A8-4F80-8B41-232593D6DC80}.Debug|ARM64.Deploy.0 = Debug|ARM64
		{0C7BE261-D9A8-4F80-8B41-232593D6DC80}.Debug|x64.ActiveCfg = Debug|x64
		{0C7BE261-D9A8-4F80-8B41-232593D6DC80}.Debug|x64.Build.0 = Debug|x64
		{0C7BE261-D9A8-4F80-8B41-232593D6DC80}.Debug|x64.Deploy.0 = Debug|x64
		{0C7BE261-D9A8-4F80-8B41-232593D6DC80}.Debug|x86.ActiveCfg = Debug|x86
		{0C7BE261-D9A8-4F80-8B41-232593D6DC80}.Debug|x86.Build.0 = Debug|x86
		{0C7BE261-D9A8-4F80-8B41-232593D6DC80}.Debug|x86.Deploy.0 = Debug|x86
		{0C7BE261-D9A8-4F80-8B41-232593D6DC80}.Release|Any CPU.ActiveCfg = Release|x86
		{0C7BE261-D9A8-4F80-8B41-232593D6DC80}.Release|ARM.ActiveCfg = Release|ARM
		{0C7BE261-D9A8-4F80-8B41-232593D6DC80}.Release|ARM.Build.0 = Release|ARM
		{0C7BE261-D9A8-4F80-8B41-232593D6DC80}.Release|ARM.Deploy.0 = Release|ARM
		{0C7BE261-D9A8-4F80-8B41-232593D6DC80}.Release|ARM64.ActiveCfg = Release|ARM64
		{0C7BE261-D9A8-4F80-8B41-232593D6DC80}.Release|ARM64.Build.0 = Release|ARM64
		{0C7BE261-D9A8-4F80-8B41-232593D6DC80}.Release|ARM64.Deploy.0 = Release|ARM64
		{0C7BE261-D9A8-4F80-8B41-232593D6DC80}.Release|x64.ActiveCfg = Release|x64
		{0C7BE261-D9A8-4F80-8B41-232593D6DC80}.Release|x64.Build.0 = Release|x64
		{0C7BE261-D9A8-4F80-8B41-232593D6DC80}.Release|x64.Deploy.0 = Release|x64
		{0C7BE261-D9A8-4F80-8B41-232593D6DC80}.Release|x86.ActiveCfg = Release|x86
		{0C7BE261-D9A8-4F80-8B41-232593D6DC80}.Release|x86.Build.0 = Release|x86
		{0C7BE261-D9A8-4F80-8B41-232593D6DC80}.Release|x86.Deploy.0 = Release|x86
		{39A18AF0-BB7A-455D-8322-7918DA9EB04B}.Debug|Any CPU.ActiveCfg = Debug|Any CPU
		{39A18AF0-BB7A-455D-8322-7918DA9EB04B}.Debug|Any CPU.Build.0 = Debug|Any CPU
		{39A18AF0-BB7A-455D-8322-7918DA9EB04B}.Debug|ARM.ActiveCfg = Debug|ARM
		{39A18AF0-BB7A-455D-8322-7918DA9EB04B}.Debug|ARM.Build.0 = Debug|ARM
		{39A18AF0-BB7A-455D-8322-7918DA9EB04B}.Debug|ARM64.ActiveCfg = Debug|ARM64
		{39A18AF0-BB7A-455D-8322-7918DA9EB04B}.Debug|ARM64.Build.0 = Debug|ARM64
		{39A18AF0-BB7A-455D-8322-7918DA9EB04B}.Debug|x64.ActiveCfg = Debug|x64
		{39A18AF0-BB7A-455D-8322-7918DA9EB04B}.Debug|x64.Build.0 = Debug|x64
		{39A18AF0-BB7A-455D-8322-7918DA9EB04B}.Debug|x86.ActiveCfg = Debug|x86
		{39A18AF0-BB7A-455D-8322-7918DA9EB04B}.Debug|x86.Build.0 = Debug|x86
		{39A18AF0-BB7A-455D-8322-7918DA9EB04B}.Release|Any CPU.ActiveCfg = Release|Any CPU
		{39A18AF0-BB7A-455D-8322-7918DA9EB04B}.Release|Any CPU.Build.0 = Release|Any CPU
		{39A18AF0-BB7A-455D-8322-7918DA9EB04B}.Release|ARM.ActiveCfg = Release|ARM
		{39A18AF0-BB7A-455D-8322-7918DA9EB04B}.Release|ARM.Build.0 = Release|ARM
		{39A18AF0-BB7A-455D-8322-7918DA9EB04B}.Release|ARM64.ActiveCfg = Release|ARM64
		{39A18AF0-BB7A-455D-8322-7918DA9EB04B}.Release|ARM64.Build.0 = Release|ARM64
		{39A18AF0-BB7A-455D-8322-7918DA9EB04B}.Release|x64.ActiveCfg = Release|x64
		{39A18AF0-BB7A-455D-8322-7918DA9EB04B}.Release|x64.Build.0 = Release|x64
		{39A18AF0-BB7A-455D-8322-7918DA9EB04B}.Release|x86.ActiveCfg = Release|x86
		{39A18AF0-BB7A-455D-8322-7918DA9EB04B}.Release|x86.Build.0 = Release|x86
		{3622A26B-C0C7-48A7-92A9-94E584A88A7D}.Debug|Any CPU.ActiveCfg = Debug|Any CPU
		{3622A26B-C0C7-48A7-92A9-94E584A88A7D}.Debug|Any CPU.Build.0 = Debug|Any CPU
		{3622A26B-C0C7-48A7-92A9-94E584A88A7D}.Debug|ARM.ActiveCfg = Debug|ARM
		{3622A26B-C0C7-48A7-92A9-94E584A88A7D}.Debug|ARM.Build.0 = Debug|ARM
		{3622A26B-C0C7-48A7-92A9-94E584A88A7D}.Debug|ARM64.ActiveCfg = Debug|ARM64
		{3622A26B-C0C7-48A7-92A9-94E584A88A7D}.Debug|ARM64.Build.0 = Debug|ARM64
		{3622A26B-C0C7-48A7-92A9-94E584A88A7D}.Debug|x64.ActiveCfg = Debug|x64
		{3622A26B-C0C7-48A7-92A9-94E584A88A7D}.Debug|x64.Build.0 = Debug|x64
		{3622A26B-C0C7-48A7-92A9-94E584A88A7D}.Debug|x86.ActiveCfg = Debug|x86
		{3622A26B-C0C7-48A7-92A9-94E584A88A7D}.Debug|x86.Build.0 = Debug|x86
		{3622A26B-C0C7-48A7-92A9-94E584A88A7D}.Release|Any CPU.ActiveCfg = Release|Any CPU
		{3622A26B-C0C7-48A7-92A9-94E584A88A7D}.Release|Any CPU.Build.0 = Release|Any CPU
		{3622A26B-C0C7-48A7-92A9-94E584A88A7D}.Release|ARM.ActiveCfg = Release|ARM
		{3622A26B-C0C7-48A7-92A9-94E584A88A7D}.Release|ARM.Build.0 = Release|ARM
		{3622A26B-C0C7-48A7-92A9-94E584A88A7D}.Release|ARM64.ActiveCfg = Release|ARM64
		{3622A26B-C0C7-48A7-92A9-94E584A88A7D}.Release|ARM64.Build.0 = Release|ARM64
		{3622A26B-C0C7-48A7-92A9-94E584A88A7D}.Release|x64.ActiveCfg = Release|x64
		{3622A26B-C0C7-48A7-92A9-94E584A88A7D}.Release|x64.Build.0 = Release|x64
		{3622A26B-C0C7-48A7-92A9-94E584A88A7D}.Release|x86.ActiveCfg = Release|x86
		{3622A26B-C0C7-48A7-92A9-94E584A88A7D}.Release|x86.Build.0 = Release|x86
		{CDED130B-AA93-4575-A36D-62EF819E8102}.Debug|Any CPU.ActiveCfg = Debug|Any CPU
		{CDED130B-AA93-4575-A36D-62EF819E8102}.Debug|Any CPU.Build.0 = Debug|Any CPU
		{CDED130B-AA93-4575-A36D-62EF819E8102}.Debug|ARM.ActiveCfg = Debug|ARM
		{CDED130B-AA93-4575-A36D-62EF819E8102}.Debug|ARM.Build.0 = Debug|ARM
		{CDED130B-AA93-4575-A36D-62EF819E8102}.Debug|ARM64.ActiveCfg = Debug|ARM64
		{CDED130B-AA93-4575-A36D-62EF819E8102}.Debug|ARM64.Build.0 = Debug|ARM64
		{CDED130B-AA93-4575-A36D-62EF819E8102}.Debug|x64.ActiveCfg = Debug|x64
		{CDED130B-AA93-4575-A36D-62EF819E8102}.Debug|x64.Build.0 = Debug|x64
		{CDED130B-AA93-4575-A36D-62EF819E8102}.Debug|x86.ActiveCfg = Debug|x86
		{CDED130B-AA93-4575-A36D-62EF819E8102}.Debug|x86.Build.0 = Debug|x86
		{CDED130B-AA93-4575-A36D-62EF819E8102}.Release|Any CPU.ActiveCfg = Release|Any CPU
		{CDED130B-AA93-4575-A36D-62EF819E8102}.Release|Any CPU.Build.0 = Release|Any CPU
		{CDED130B-AA93-4575-A36D-62EF819E8102}.Release|ARM.ActiveCfg = Release|ARM
		{CDED130B-AA93-4575-A36D-62EF819E8102}.Release|ARM.Build.0 = Release|ARM
		{CDED130B-AA93-4575-A36D-62EF819E8102}.Release|ARM64.ActiveCfg = Release|ARM64
		{CDED130B-AA93-4575-A36D-62EF819E8102}.Release|ARM64.Build.0 = Release|ARM64
		{CDED130B-AA93-4575-A36D-62EF819E8102}.Release|x64.ActiveCfg = Release|x64
		{CDED130B-AA93-4575-A36D-62EF819E8102}.Release|x64.Build.0 = Release|x64
		{CDED130B-AA93-4575-A36D-62EF819E8102}.Release|x86.ActiveCfg = Release|x86
		{CDED130B-AA93-4575-A36D-62EF819E8102}.Release|x86.Build.0 = Release|x86
	EndGlobalSection
	GlobalSection(SolutionProperties) = preSolution
		HideSolutionNode = FALSE
	EndGlobalSection
	GlobalSection(ExtensibilityGlobals) = postSolution
		SolutionGuid = {986C5324-F1C3-40F8-8982-13BCA207C968}
	EndGlobalSection
EndGlobal
