
Microsoft Visual Studio Solution File, Format Version 12.00
# Visual Studio Version 16
VisualStudioVersion = 16.0.29519.87
MinimumVisualStudioVersion = 10.0.40219.1
Project("{FAE04EC0-301F-11D3-BF4B-00C04F79EFBC}") = "PreparandoExamen1Trimestre-UI", "PreparandoExamen1Trimestre-UI\PreparandoExamen1Trimestre-UI.csproj", "{17DA59FD-F7C6-465D-A30F-EF1920D69BF1}"
EndProject
Project("{FAE04EC0-301F-11D3-BF4B-00C04F79EFBC}") = "PreparandoExamen1Trimestre_BL", "PreparandoExamen1Trimestre_BL\PreparandoExamen1Trimestre_BL.csproj", "{89899D29-F669-4C48-BB8C-616435E13482}"
EndProject
Project("{FAE04EC0-301F-11D3-BF4B-00C04F79EFBC}") = "PreparandoExamen1Trimestre_DAL", "PreparandoExamen1Trimestre_DAL\PreparandoExamen1Trimestre_DAL.csproj", "{75ED5F2B-50AD-451F-B875-FA01B3ABC82C}"
EndProject
Project("{FAE04EC0-301F-11D3-BF4B-00C04F79EFBC}") = "PreparandoExamen1Trimestre_ENTITIES", "PreparandoExamen1Trimestre_ENTITIES\PreparandoExamen1Trimestre_ENTITIES.csproj", "{7A073F2B-AB1A-4686-82BA-FF6F0AF3E789}"
EndProject
Global
	GlobalSection(SolutionConfigurationPlatforms) = preSolution
		Debug|Any CPU = Debug|Any CPU
		Debug|ARM = Debug|ARM
		Debug|ARM64 = Debug|ARM64
		Debug|x64 = Debug|x64
		Debug|x86 = Debug|x86
		Release|Any CPU = Release|Any CPU
		Release|ARM = Release|ARM
		Release|ARM64 = Release|ARM64
		Release|x64 = Release|x64
		Release|x86 = Release|x86
	EndGlobalSection
	GlobalSection(ProjectConfigurationPlatforms) = postSolution
		{17DA59FD-F7C6-465D-A30F-EF1920D69BF1}.Debug|Any CPU.ActiveCfg = Debug|x86
		{17DA59FD-F7C6-465D-A30F-EF1920D69BF1}.Debug|ARM.ActiveCfg = Debug|ARM
		{17DA59FD-F7C6-465D-A30F-EF1920D69BF1}.Debug|ARM.Build.0 = Debug|ARM
		{17DA59FD-F7C6-465D-A30F-EF1920D69BF1}.Debug|ARM.Deploy.0 = Debug|ARM
		{17DA59FD-F7C6-465D-A30F-EF1920D69BF1}.Debug|ARM64.ActiveCfg = Debug|ARM64
		{17DA59FD-F7C6-465D-A30F-EF1920D69BF1}.Debug|ARM64.Build.0 = Debug|ARM64
		{17DA59FD-F7C6-465D-A30F-EF1920D69BF1}.Debug|ARM64.Deploy.0 = Debug|ARM64
		{17DA59FD-F7C6-465D-A30F-EF1920D69BF1}.Debug|x64.ActiveCfg = Debug|x64
		{17DA59FD-F7C6-465D-A30F-EF1920D69BF1}.Debug|x64.Build.0 = Debug|x64
		{17DA59FD-F7C6-465D-A30F-EF1920D69BF1}.Debug|x64.Deploy.0 = Debug|x64
		{17DA59FD-F7C6-465D-A30F-EF1920D69BF1}.Debug|x86.ActiveCfg = Debug|x86
		{17DA59FD-F7C6-465D-A30F-EF1920D69BF1}.Debug|x86.Build.0 = Debug|x86
		{17DA59FD-F7C6-465D-A30F-EF1920D69BF1}.Debug|x86.Deploy.0 = Debug|x86
		{17DA59FD-F7C6-465D-A30F-EF1920D69BF1}.Release|Any CPU.ActiveCfg = Release|x86
		{17DA59FD-F7C6-465D-A30F-EF1920D69BF1}.Release|ARM.ActiveCfg = Release|ARM
		{17DA59FD-F7C6-465D-A30F-EF1920D69BF1}.Release|ARM.Build.0 = Release|ARM
		{17DA59FD-F7C6-465D-A30F-EF1920D69BF1}.Release|ARM.Deploy.0 = Release|ARM
		{17DA59FD-F7C6-465D-A30F-EF1920D69BF1}.Release|ARM64.ActiveCfg = Release|ARM64
		{17DA59FD-F7C6-465D-A30F-EF1920D69BF1}.Release|ARM64.Build.0 = Release|ARM64
		{17DA59FD-F7C6-465D-A30F-EF1920D69BF1}.Release|ARM64.Deploy.0 = Release|ARM64
		{17DA59FD-F7C6-465D-A30F-EF1920D69BF1}.Release|x64.ActiveCfg = Release|x64
		{17DA59FD-F7C6-465D-A30F-EF1920D69BF1}.Release|x64.Build.0 = Release|x64
		{17DA59FD-F7C6-465D-A30F-EF1920D69BF1}.Release|x64.Deploy.0 = Release|x64
		{17DA59FD-F7C6-465D-A30F-EF1920D69BF1}.Release|x86.ActiveCfg = Release|x86
		{17DA59FD-F7C6-465D-A30F-EF1920D69BF1}.Release|x86.Build.0 = Release|x86
		{17DA59FD-F7C6-465D-A30F-EF1920D69BF1}.Release|x86.Deploy.0 = Release|x86
		{89899D29-F669-4C48-BB8C-616435E13482}.Debug|Any CPU.ActiveCfg = Debug|Any CPU
		{89899D29-F669-4C48-BB8C-616435E13482}.Debug|Any CPU.Build.0 = Debug|Any CPU
		{89899D29-F669-4C48-BB8C-616435E13482}.Debug|ARM.ActiveCfg = Debug|ARM
		{89899D29-F669-4C48-BB8C-616435E13482}.Debug|ARM.Build.0 = Debug|ARM
		{89899D29-F669-4C48-BB8C-616435E13482}.Debug|ARM64.ActiveCfg = Debug|ARM64
		{89899D29-F669-4C48-BB8C-616435E13482}.Debug|ARM64.Build.0 = Debug|ARM64
		{89899D29-F669-4C48-BB8C-616435E13482}.Debug|x64.ActiveCfg = Debug|x64
		{89899D29-F669-4C48-BB8C-616435E13482}.Debug|x64.Build.0 = Debug|x64
		{89899D29-F669-4C48-BB8C-616435E13482}.Debug|x86.ActiveCfg = Debug|x86
		{89899D29-F669-4C48-BB8C-616435E13482}.Debug|x86.Build.0 = Debug|x86
		{89899D29-F669-4C48-BB8C-616435E13482}.Release|Any CPU.ActiveCfg = Release|Any CPU
		{89899D29-F669-4C48-BB8C-616435E13482}.Release|Any CPU.Build.0 = Release|Any CPU
		{89899D29-F669-4C48-BB8C-616435E13482}.Release|ARM.ActiveCfg = Release|ARM
		{89899D29-F669-4C48-BB8C-616435E13482}.Release|ARM.Build.0 = Release|ARM
		{89899D29-F669-4C48-BB8C-616435E13482}.Release|ARM64.ActiveCfg = Release|ARM64
		{89899D29-F669-4C48-BB8C-616435E13482}.Release|ARM64.Build.0 = Release|ARM64
		{89899D29-F669-4C48-BB8C-616435E13482}.Release|x64.ActiveCfg = Release|x64
		{89899D29-F669-4C48-BB8C-616435E13482}.Release|x64.Build.0 = Release|x64
		{89899D29-F669-4C48-BB8C-616435E13482}.Release|x86.ActiveCfg = Release|x86
		{89899D29-F669-4C48-BB8C-616435E13482}.Release|x86.Build.0 = Release|x86
		{75ED5F2B-50AD-451F-B875-FA01B3ABC82C}.Debug|Any CPU.ActiveCfg = Debug|Any CPU
		{75ED5F2B-50AD-451F-B875-FA01B3ABC82C}.Debug|Any CPU.Build.0 = Debug|Any CPU
		{75ED5F2B-50AD-451F-B875-FA01B3ABC82C}.Debug|ARM.ActiveCfg = Debug|ARM
		{75ED5F2B-50AD-451F-B875-FA01B3ABC82C}.Debug|ARM.Build.0 = Debug|ARM
		{75ED5F2B-50AD-451F-B875-FA01B3ABC82C}.Debug|ARM64.ActiveCfg = Debug|ARM64
		{75ED5F2B-50AD-451F-B875-FA01B3ABC82C}.Debug|ARM64.Build.0 = Debug|ARM64
		{75ED5F2B-50AD-451F-B875-FA01B3ABC82C}.Debug|x64.ActiveCfg = Debug|x64
		{75ED5F2B-50AD-451F-B875-FA01B3ABC82C}.Debug|x64.Build.0 = Debug|x64
		{75ED5F2B-50AD-451F-B875-FA01B3ABC82C}.Debug|x86.ActiveCfg = Debug|x86
		{75ED5F2B-50AD-451F-B875-FA01B3ABC82C}.Debug|x86.Build.0 = Debug|x86
		{75ED5F2B-50AD-451F-B875-FA01B3ABC82C}.Release|Any CPU.ActiveCfg = Release|Any CPU
		{75ED5F2B-50AD-451F-B875-FA01B3ABC82C}.Release|Any CPU.Build.0 = Release|Any CPU
		{75ED5F2B-50AD-451F-B875-FA01B3ABC82C}.Release|ARM.ActiveCfg = Release|ARM
		{75ED5F2B-50AD-451F-B875-FA01B3ABC82C}.Release|ARM.Build.0 = Release|ARM
		{75ED5F2B-50AD-451F-B875-FA01B3ABC82C}.Release|ARM64.ActiveCfg = Release|ARM64
		{75ED5F2B-50AD-451F-B875-FA01B3ABC82C}.Release|ARM64.Build.0 = Release|ARM64
		{75ED5F2B-50AD-451F-B875-FA01B3ABC82C}.Release|x64.ActiveCfg = Release|x64
		{75ED5F2B-50AD-451F-B875-FA01B3ABC82C}.Release|x64.Build.0 = Release|x64
		{75ED5F2B-50AD-451F-B875-FA01B3ABC82C}.Release|x86.ActiveCfg = Release|x86
		{75ED5F2B-50AD-451F-B875-FA01B3ABC82C}.Release|x86.Build.0 = Release|x86
		{7A073F2B-AB1A-4686-82BA-FF6F0AF3E789}.Debug|Any CPU.ActiveCfg = Debug|Any CPU
		{7A073F2B-AB1A-4686-82BA-FF6F0AF3E789}.Debug|Any CPU.Build.0 = Debug|Any CPU
		{7A073F2B-AB1A-4686-82BA-FF6F0AF3E789}.Debug|ARM.ActiveCfg = Debug|ARM
		{7A073F2B-AB1A-4686-82BA-FF6F0AF3E789}.Debug|ARM.Build.0 = Debug|ARM
		{7A073F2B-AB1A-4686-82BA-FF6F0AF3E789}.Debug|ARM64.ActiveCfg = Debug|ARM64
		{7A073F2B-AB1A-4686-82BA-FF6F0AF3E789}.Debug|ARM64.Build.0 = Debug|ARM64
		{7A073F2B-AB1A-4686-82BA-FF6F0AF3E789}.Debug|x64.ActiveCfg = Debug|x64
		{7A073F2B-AB1A-4686-82BA-FF6F0AF3E789}.Debug|x64.Build.0 = Debug|x64
		{7A073F2B-AB1A-4686-82BA-FF6F0AF3E789}.Debug|x86.ActiveCfg = Debug|x86
		{7A073F2B-AB1A-4686-82BA-FF6F0AF3E789}.Debug|x86.Build.0 = Debug|x86
		{7A073F2B-AB1A-4686-82BA-FF6F0AF3E789}.Release|Any CPU.ActiveCfg = Release|Any CPU
		{7A073F2B-AB1A-4686-82BA-FF6F0AF3E789}.Release|Any CPU.Build.0 = Release|Any CPU
		{7A073F2B-AB1A-4686-82BA-FF6F0AF3E789}.Release|ARM.ActiveCfg = Release|ARM
		{7A073F2B-AB1A-4686-82BA-FF6F0AF3E789}.Release|ARM.Build.0 = Release|ARM
		{7A073F2B-AB1A-4686-82BA-FF6F0AF3E789}.Release|ARM64.ActiveCfg = Release|ARM64
		{7A073F2B-AB1A-4686-82BA-FF6F0AF3E789}.Release|ARM64.Build.0 = Release|ARM64
		{7A073F2B-AB1A-4686-82BA-FF6F0AF3E789}.Release|x64.ActiveCfg = Release|x64
		{7A073F2B-AB1A-4686-82BA-FF6F0AF3E789}.Release|x64.Build.0 = Release|x64
		{7A073F2B-AB1A-4686-82BA-FF6F0AF3E789}.Release|x86.ActiveCfg = Release|x86
		{7A073F2B-AB1A-4686-82BA-FF6F0AF3E789}.Release|x86.Build.0 = Release|x86
	EndGlobalSection
	GlobalSection(SolutionProperties) = preSolution
		HideSolutionNode = FALSE
	EndGlobalSection
	GlobalSection(ExtensibilityGlobals) = postSolution
		SolutionGuid = {6AF8ED9F-7FFF-4F45-92C3-53E8297FA20F}
	EndGlobalSection
EndGlobal
