
Microsoft Visual Studio Solution File, Format Version 12.00
# Visual Studio 15
VisualStudioVersion = 15.0.28307.1000
MinimumVisualStudioVersion = 10.0.40219.1
Project("{FAE04EC0-301F-11D3-BF4B-00C04F79EFBC}") = "CRUDPersonasXamarinUI.Android", "CRUDPersonasXamarinUI\CRUDPersonasXamarinUI.Android\CRUDPersonasXamarinUI.Android.csproj", "{4ED7C8D8-5F41-4310-9AAB-42C58B7589B4}"
EndProject
Project("{FAE04EC0-301F-11D3-BF4B-00C04F79EFBC}") = "CRUDPersonasXamarinUI.iOS", "CRUDPersonasXamarinUI\CRUDPersonasXamarinUI.iOS\CRUDPersonasXamarinUI.iOS.csproj", "{77CF9074-93A9-488B-AA63-AE75D398E105}"
EndProject
Project("{FAE04EC0-301F-11D3-BF4B-00C04F79EFBC}") = "CRUDPersonasXamarinUI.UWP", "CRUDPersonasXamarinUI\CRUDPersonasXamarinUI.UWP\CRUDPersonasXamarinUI.UWP.csproj", "{B0C9C82C-3AF2-4DEE-A639-E1E94E086AB2}"
EndProject
Project("{FAE04EC0-301F-11D3-BF4B-00C04F79EFBC}") = "CRUDPersonasXamarinUI", "CRUDPersonasXamarinUI\CRUDPersonasXamarinUI\CRUDPersonasXamarinUI.csproj", "{269BF2F1-A801-4D6F-A03F-5331E7BD3BE3}"
EndProject
Project("{FAE04EC0-301F-11D3-BF4B-00C04F79EFBC}") = "CRUDPersonasXamarinDAL", "CRUDPersonasXamarinDAL\CRUDPersonasXamarinDAL.csproj", "{5A9CF428-867D-4663-A43B-B0BEB9214A70}"
EndProject
Project("{FAE04EC0-301F-11D3-BF4B-00C04F79EFBC}") = "CRUDPersonasXamarinBL", "CRUDPersonasXamarinBL\CRUDPersonasXamarinBL.csproj", "{D5636F88-71FD-4D9D-8947-28EBCBBC0FCD}"
EndProject
Project("{FAE04EC0-301F-11D3-BF4B-00C04F79EFBC}") = "CRUDPersonasXamarinET", "CRUDPersonasXamarinET\CRUDPersonasXamarinET.csproj", "{13141B53-5263-49BC-9095-63F5224CCD4B}"
EndProject
Global
	GlobalSection(SolutionConfigurationPlatforms) = preSolution
		Ad-Hoc|Any CPU = Ad-Hoc|Any CPU
		Ad-Hoc|ARM = Ad-Hoc|ARM
		Ad-Hoc|iPhone = Ad-Hoc|iPhone
		Ad-Hoc|iPhoneSimulator = Ad-Hoc|iPhoneSimulator
		Ad-Hoc|x64 = Ad-Hoc|x64
		Ad-Hoc|x86 = Ad-Hoc|x86
		AppStore|Any CPU = AppStore|Any CPU
		AppStore|ARM = AppStore|ARM
		AppStore|iPhone = AppStore|iPhone
		AppStore|iPhoneSimulator = AppStore|iPhoneSimulator
		AppStore|x64 = AppStore|x64
		AppStore|x86 = AppStore|x86
		Debug|Any CPU = Debug|Any CPU
		Debug|ARM = Debug|ARM
		Debug|iPhone = Debug|iPhone
		Debug|iPhoneSimulator = Debug|iPhoneSimulator
		Debug|x64 = Debug|x64
		Debug|x86 = Debug|x86
		Release|Any CPU = Release|Any CPU
		Release|ARM = Release|ARM
		Release|iPhone = Release|iPhone
		Release|iPhoneSimulator = Release|iPhoneSimulator
		Release|x64 = Release|x64
		Release|x86 = Release|x86
	EndGlobalSection
	GlobalSection(ProjectConfigurationPlatforms) = postSolution
		{4ED7C8D8-5F41-4310-9AAB-42C58B7589B4}.Ad-Hoc|Any CPU.ActiveCfg = Release|Any CPU
		{4ED7C8D8-5F41-4310-9AAB-42C58B7589B4}.Ad-Hoc|Any CPU.Build.0 = Release|Any CPU
		{4ED7C8D8-5F41-4310-9AAB-42C58B7589B4}.Ad-Hoc|Any CPU.Deploy.0 = Release|Any CPU
		{4ED7C8D8-5F41-4310-9AAB-42C58B7589B4}.Ad-Hoc|ARM.ActiveCfg = Release|Any CPU
		{4ED7C8D8-5F41-4310-9AAB-42C58B7589B4}.Ad-Hoc|ARM.Build.0 = Release|Any CPU
		{4ED7C8D8-5F41-4310-9AAB-42C58B7589B4}.Ad-Hoc|ARM.Deploy.0 = Release|Any CPU
		{4ED7C8D8-5F41-4310-9AAB-42C58B7589B4}.Ad-Hoc|iPhone.ActiveCfg = Release|Any CPU
		{4ED7C8D8-5F41-4310-9AAB-42C58B7589B4}.Ad-Hoc|iPhone.Build.0 = Release|Any CPU
		{4ED7C8D8-5F41-4310-9AAB-42C58B7589B4}.Ad-Hoc|iPhone.Deploy.0 = Release|Any CPU
		{4ED7C8D8-5F41-4310-9AAB-42C58B7589B4}.Ad-Hoc|iPhoneSimulator.ActiveCfg = Release|Any CPU
		{4ED7C8D8-5F41-4310-9AAB-42C58B7589B4}.Ad-Hoc|iPhoneSimulator.Build.0 = Release|Any CPU
		{4ED7C8D8-5F41-4310-9AAB-42C58B7589B4}.Ad-Hoc|iPhoneSimulator.Deploy.0 = Release|Any CPU
		{4ED7C8D8-5F41-4310-9AAB-42C58B7589B4}.Ad-Hoc|x64.ActiveCfg = Release|Any CPU
		{4ED7C8D8-5F41-4310-9AAB-42C58B7589B4}.Ad-Hoc|x64.Build.0 = Release|Any CPU
		{4ED7C8D8-5F41-4310-9AAB-42C58B7589B4}.Ad-Hoc|x64.Deploy.0 = Release|Any CPU
		{4ED7C8D8-5F41-4310-9AAB-42C58B7589B4}.Ad-Hoc|x86.ActiveCfg = Release|Any CPU
		{4ED7C8D8-5F41-4310-9AAB-42C58B7589B4}.Ad-Hoc|x86.Build.0 = Release|Any CPU
		{4ED7C8D8-5F41-4310-9AAB-42C58B7589B4}.Ad-Hoc|x86.Deploy.0 = Release|Any CPU
		{4ED7C8D8-5F41-4310-9AAB-42C58B7589B4}.AppStore|Any CPU.ActiveCfg = Release|Any CPU
		{4ED7C8D8-5F41-4310-9AAB-42C58B7589B4}.AppStore|Any CPU.Build.0 = Release|Any CPU
		{4ED7C8D8-5F41-4310-9AAB-42C58B7589B4}.AppStore|Any CPU.Deploy.0 = Release|Any CPU
		{4ED7C8D8-5F41-4310-9AAB-42C58B7589B4}.AppStore|ARM.ActiveCfg = Release|Any CPU
		{4ED7C8D8-5F41-4310-9AAB-42C58B7589B4}.AppStore|ARM.Build.0 = Release|Any CPU
		{4ED7C8D8-5F41-4310-9AAB-42C58B7589B4}.AppStore|ARM.Deploy.0 = Release|Any CPU
		{4ED7C8D8-5F41-4310-9AAB-42C58B7589B4}.AppStore|iPhone.ActiveCfg = Release|Any CPU
		{4ED7C8D8-5F41-4310-9AAB-42C58B7589B4}.AppStore|iPhone.Build.0 = Release|Any CPU
		{4ED7C8D8-5F41-4310-9AAB-42C58B7589B4}.AppStore|iPhone.Deploy.0 = Release|Any CPU
		{4ED7C8D8-5F41-4310-9AAB-42C58B7589B4}.AppStore|iPhoneSimulator.ActiveCfg = Release|Any CPU
		{4ED7C8D8-5F41-4310-9AAB-42C58B7589B4}.AppStore|iPhoneSimulator.Build.0 = Release|Any CPU
		{4ED7C8D8-5F41-4310-9AAB-42C58B7589B4}.AppStore|iPhoneSimulator.Deploy.0 = Release|Any CPU
		{4ED7C8D8-5F41-4310-9AAB-42C58B7589B4}.AppStore|x64.ActiveCfg = Release|Any CPU
		{4ED7C8D8-5F41-4310-9AAB-42C58B7589B4}.AppStore|x64.Build.0 = Release|Any CPU
		{4ED7C8D8-5F41-4310-9AAB-42C58B7589B4}.AppStore|x64.Deploy.0 = Release|Any CPU
		{4ED7C8D8-5F41-4310-9AAB-42C58B7589B4}.AppStore|x86.ActiveCfg = Release|Any CPU
		{4ED7C8D8-5F41-4310-9AAB-42C58B7589B4}.AppStore|x86.Build.0 = Release|Any CPU
		{4ED7C8D8-5F41-4310-9AAB-42C58B7589B4}.AppStore|x86.Deploy.0 = Release|Any CPU
		{4ED7C8D8-5F41-4310-9AAB-42C58B7589B4}.Debug|Any CPU.ActiveCfg = Debug|Any CPU
		{4ED7C8D8-5F41-4310-9AAB-42C58B7589B4}.Debug|Any CPU.Build.0 = Debug|Any CPU
		{4ED7C8D8-5F41-4310-9AAB-42C58B7589B4}.Debug|Any CPU.Deploy.0 = Debug|Any CPU
		{4ED7C8D8-5F41-4310-9AAB-42C58B7589B4}.Debug|ARM.ActiveCfg = Debug|Any CPU
		{4ED7C8D8-5F41-4310-9AAB-42C58B7589B4}.Debug|ARM.Build.0 = Debug|Any CPU
		{4ED7C8D8-5F41-4310-9AAB-42C58B7589B4}.Debug|ARM.Deploy.0 = Debug|Any CPU
		{4ED7C8D8-5F41-4310-9AAB-42C58B7589B4}.Debug|iPhone.ActiveCfg = Debug|Any CPU
		{4ED7C8D8-5F41-4310-9AAB-42C58B7589B4}.Debug|iPhone.Build.0 = Debug|Any CPU
		{4ED7C8D8-5F41-4310-9AAB-42C58B7589B4}.Debug|iPhone.Deploy.0 = Debug|Any CPU
		{4ED7C8D8-5F41-4310-9AAB-42C58B7589B4}.Debug|iPhoneSimulator.ActiveCfg = Debug|Any CPU
		{4ED7C8D8-5F41-4310-9AAB-42C58B7589B4}.Debug|iPhoneSimulator.Build.0 = Debug|Any CPU
		{4ED7C8D8-5F41-4310-9AAB-42C58B7589B4}.Debug|iPhoneSimulator.Deploy.0 = Debug|Any CPU
		{4ED7C8D8-5F41-4310-9AAB-42C58B7589B4}.Debug|x64.ActiveCfg = Debug|Any CPU
		{4ED7C8D8-5F41-4310-9AAB-42C58B7589B4}.Debug|x64.Build.0 = Debug|Any CPU
		{4ED7C8D8-5F41-4310-9AAB-42C58B7589B4}.Debug|x64.Deploy.0 = Debug|Any CPU
		{4ED7C8D8-5F41-4310-9AAB-42C58B7589B4}.Debug|x86.ActiveCfg = Debug|Any CPU
		{4ED7C8D8-5F41-4310-9AAB-42C58B7589B4}.Debug|x86.Build.0 = Debug|Any CPU
		{4ED7C8D8-5F41-4310-9AAB-42C58B7589B4}.Debug|x86.Deploy.0 = Debug|Any CPU
		{4ED7C8D8-5F41-4310-9AAB-42C58B7589B4}.Release|Any CPU.ActiveCfg = Release|Any CPU
		{4ED7C8D8-5F41-4310-9AAB-42C58B7589B4}.Release|Any CPU.Build.0 = Release|Any CPU
		{4ED7C8D8-5F41-4310-9AAB-42C58B7589B4}.Release|Any CPU.Deploy.0 = Release|Any CPU
		{4ED7C8D8-5F41-4310-9AAB-42C58B7589B4}.Release|ARM.ActiveCfg = Release|Any CPU
		{4ED7C8D8-5F41-4310-9AAB-42C58B7589B4}.Release|ARM.Build.0 = Release|Any CPU
		{4ED7C8D8-5F41-4310-9AAB-42C58B7589B4}.Release|ARM.Deploy.0 = Release|Any CPU
		{4ED7C8D8-5F41-4310-9AAB-42C58B7589B4}.Release|iPhone.ActiveCfg = Release|Any CPU
		{4ED7C8D8-5F41-4310-9AAB-42C58B7589B4}.Release|iPhone.Build.0 = Release|Any CPU
		{4ED7C8D8-5F41-4310-9AAB-42C58B7589B4}.Release|iPhone.Deploy.0 = Release|Any CPU
		{4ED7C8D8-5F41-4310-9AAB-42C58B7589B4}.Release|iPhoneSimulator.ActiveCfg = Release|Any CPU
		{4ED7C8D8-5F41-4310-9AAB-42C58B7589B4}.Release|iPhoneSimulator.Build.0 = Release|Any CPU
		{4ED7C8D8-5F41-4310-9AAB-42C58B7589B4}.Release|iPhoneSimulator.Deploy.0 = Release|Any CPU
		{4ED7C8D8-5F41-4310-9AAB-42C58B7589B4}.Release|x64.ActiveCfg = Release|Any CPU
		{4ED7C8D8-5F41-4310-9AAB-42C58B7589B4}.Release|x64.Build.0 = Release|Any CPU
		{4ED7C8D8-5F41-4310-9AAB-42C58B7589B4}.Release|x64.Deploy.0 = Release|Any CPU
		{4ED7C8D8-5F41-4310-9AAB-42C58B7589B4}.Release|x86.ActiveCfg = Release|Any CPU
		{4ED7C8D8-5F41-4310-9AAB-42C58B7589B4}.Release|x86.Build.0 = Release|Any CPU
		{4ED7C8D8-5F41-4310-9AAB-42C58B7589B4}.Release|x86.Deploy.0 = Release|Any CPU
		{77CF9074-93A9-488B-AA63-AE75D398E105}.Ad-Hoc|Any CPU.ActiveCfg = Ad-Hoc|iPhone
		{77CF9074-93A9-488B-AA63-AE75D398E105}.Ad-Hoc|Any CPU.Build.0 = Ad-Hoc|iPhone
		{77CF9074-93A9-488B-AA63-AE75D398E105}.Ad-Hoc|Any CPU.Deploy.0 = Ad-Hoc|iPhone
		{77CF9074-93A9-488B-AA63-AE75D398E105}.Ad-Hoc|ARM.ActiveCfg = Ad-Hoc|iPhone
		{77CF9074-93A9-488B-AA63-AE75D398E105}.Ad-Hoc|ARM.Build.0 = Ad-Hoc|iPhone
		{77CF9074-93A9-488B-AA63-AE75D398E105}.Ad-Hoc|ARM.Deploy.0 = Ad-Hoc|iPhone
		{77CF9074-93A9-488B-AA63-AE75D398E105}.Ad-Hoc|iPhone.ActiveCfg = Ad-Hoc|iPhone
		{77CF9074-93A9-488B-AA63-AE75D398E105}.Ad-Hoc|iPhone.Build.0 = Ad-Hoc|iPhone
		{77CF9074-93A9-488B-AA63-AE75D398E105}.Ad-Hoc|iPhone.Deploy.0 = Ad-Hoc|iPhone
		{77CF9074-93A9-488B-AA63-AE75D398E105}.Ad-Hoc|iPhoneSimulator.ActiveCfg = Ad-Hoc|iPhoneSimulator
		{77CF9074-93A9-488B-AA63-AE75D398E105}.Ad-Hoc|iPhoneSimulator.Build.0 = Ad-Hoc|iPhoneSimulator
		{77CF9074-93A9-488B-AA63-AE75D398E105}.Ad-Hoc|iPhoneSimulator.Deploy.0 = Ad-Hoc|iPhoneSimulator
		{77CF9074-93A9-488B-AA63-AE75D398E105}.Ad-Hoc|x64.ActiveCfg = Ad-Hoc|iPhone
		{77CF9074-93A9-488B-AA63-AE75D398E105}.Ad-Hoc|x64.Build.0 = Ad-Hoc|iPhone
		{77CF9074-93A9-488B-AA63-AE75D398E105}.Ad-Hoc|x64.Deploy.0 = Ad-Hoc|iPhone
		{77CF9074-93A9-488B-AA63-AE75D398E105}.Ad-Hoc|x86.ActiveCfg = Ad-Hoc|iPhone
		{77CF9074-93A9-488B-AA63-AE75D398E105}.Ad-Hoc|x86.Build.0 = Ad-Hoc|iPhone
		{77CF9074-93A9-488B-AA63-AE75D398E105}.Ad-Hoc|x86.Deploy.0 = Ad-Hoc|iPhone
		{77CF9074-93A9-488B-AA63-AE75D398E105}.AppStore|Any CPU.ActiveCfg = AppStore|iPhone
		{77CF9074-93A9-488B-AA63-AE75D398E105}.AppStore|Any CPU.Build.0 = AppStore|iPhone
		{77CF9074-93A9-488B-AA63-AE75D398E105}.AppStore|Any CPU.Deploy.0 = AppStore|iPhone
		{77CF9074-93A9-488B-AA63-AE75D398E105}.AppStore|ARM.ActiveCfg = AppStore|iPhone
		{77CF9074-93A9-488B-AA63-AE75D398E105}.AppStore|ARM.Build.0 = AppStore|iPhone
		{77CF9074-93A9-488B-AA63-AE75D398E105}.AppStore|ARM.Deploy.0 = AppStore|iPhone
		{77CF9074-93A9-488B-AA63-AE75D398E105}.AppStore|iPhone.ActiveCfg = AppStore|iPhone
		{77CF9074-93A9-488B-AA63-AE75D398E105}.AppStore|iPhone.Build.0 = AppStore|iPhone
		{77CF9074-93A9-488B-AA63-AE75D398E105}.AppStore|iPhone.Deploy.0 = AppStore|iPhone
		{77CF9074-93A9-488B-AA63-AE75D398E105}.AppStore|iPhoneSimulator.ActiveCfg = AppStore|iPhoneSimulator
		{77CF9074-93A9-488B-AA63-AE75D398E105}.AppStore|iPhoneSimulator.Build.0 = AppStore|iPhoneSimulator
		{77CF9074-93A9-488B-AA63-AE75D398E105}.AppStore|iPhoneSimulator.Deploy.0 = AppStore|iPhoneSimulator
		{77CF9074-93A9-488B-AA63-AE75D398E105}.AppStore|x64.ActiveCfg = AppStore|iPhone
		{77CF9074-93A9-488B-AA63-AE75D398E105}.AppStore|x64.Build.0 = AppStore|iPhone
		{77CF9074-93A9-488B-AA63-AE75D398E105}.AppStore|x64.Deploy.0 = AppStore|iPhone
		{77CF9074-93A9-488B-AA63-AE75D398E105}.AppStore|x86.ActiveCfg = AppStore|iPhone
		{77CF9074-93A9-488B-AA63-AE75D398E105}.AppStore|x86.Build.0 = AppStore|iPhone
		{77CF9074-93A9-488B-AA63-AE75D398E105}.AppStore|x86.Deploy.0 = AppStore|iPhone
		{77CF9074-93A9-488B-AA63-AE75D398E105}.Debug|Any CPU.ActiveCfg = Debug|iPhoneSimulator
		{77CF9074-93A9-488B-AA63-AE75D398E105}.Debug|Any CPU.Build.0 = Debug|iPhoneSimulator
		{77CF9074-93A9-488B-AA63-AE75D398E105}.Debug|Any CPU.Deploy.0 = Debug|iPhoneSimulator
		{77CF9074-93A9-488B-AA63-AE75D398E105}.Debug|ARM.ActiveCfg = Debug|iPhone
		{77CF9074-93A9-488B-AA63-AE75D398E105}.Debug|ARM.Build.0 = Debug|iPhone
		{77CF9074-93A9-488B-AA63-AE75D398E105}.Debug|ARM.Deploy.0 = Debug|iPhone
		{77CF9074-93A9-488B-AA63-AE75D398E105}.Debug|iPhone.ActiveCfg = Debug|iPhone
		{77CF9074-93A9-488B-AA63-AE75D398E105}.Debug|iPhone.Build.0 = Debug|iPhone
		{77CF9074-93A9-488B-AA63-AE75D398E105}.Debug|iPhone.Deploy.0 = Debug|iPhone
		{77CF9074-93A9-488B-AA63-AE75D398E105}.Debug|iPhoneSimulator.ActiveCfg = Debug|iPhoneSimulator
		{77CF9074-93A9-488B-AA63-AE75D398E105}.Debug|iPhoneSimulator.Build.0 = Debug|iPhoneSimulator
		{77CF9074-93A9-488B-AA63-AE75D398E105}.Debug|iPhoneSimulator.Deploy.0 = Debug|iPhoneSimulator
		{77CF9074-93A9-488B-AA63-AE75D398E105}.Debug|x64.ActiveCfg = Debug|iPhone
		{77CF9074-93A9-488B-AA63-AE75D398E105}.Debug|x64.Build.0 = Debug|iPhone
		{77CF9074-93A9-488B-AA63-AE75D398E105}.Debug|x64.Deploy.0 = Debug|iPhone
		{77CF9074-93A9-488B-AA63-AE75D398E105}.Debug|x86.ActiveCfg = Debug|iPhone
		{77CF9074-93A9-488B-AA63-AE75D398E105}.Debug|x86.Build.0 = Debug|iPhone
		{77CF9074-93A9-488B-AA63-AE75D398E105}.Debug|x86.Deploy.0 = Debug|iPhone
		{77CF9074-93A9-488B-AA63-AE75D398E105}.Release|Any CPU.ActiveCfg = Release|iPhone
		{77CF9074-93A9-488B-AA63-AE75D398E105}.Release|Any CPU.Build.0 = Release|iPhone
		{77CF9074-93A9-488B-AA63-AE75D398E105}.Release|Any CPU.Deploy.0 = Release|iPhone
		{77CF9074-93A9-488B-AA63-AE75D398E105}.Release|ARM.ActiveCfg = Release|iPhone
		{77CF9074-93A9-488B-AA63-AE75D398E105}.Release|ARM.Build.0 = Release|iPhone
		{77CF9074-93A9-488B-AA63-AE75D398E105}.Release|ARM.Deploy.0 = Release|iPhone
		{77CF9074-93A9-488B-AA63-AE75D398E105}.Release|iPhone.ActiveCfg = Release|iPhone
		{77CF9074-93A9-488B-AA63-AE75D398E105}.Release|iPhone.Build.0 = Release|iPhone
		{77CF9074-93A9-488B-AA63-AE75D398E105}.Release|iPhone.Deploy.0 = Release|iPhone
		{77CF9074-93A9-488B-AA63-AE75D398E105}.Release|iPhoneSimulator.ActiveCfg = Release|iPhoneSimulator
		{77CF9074-93A9-488B-AA63-AE75D398E105}.Release|iPhoneSimulator.Build.0 = Release|iPhoneSimulator
		{77CF9074-93A9-488B-AA63-AE75D398E105}.Release|iPhoneSimulator.Deploy.0 = Release|iPhoneSimulator
		{77CF9074-93A9-488B-AA63-AE75D398E105}.Release|x64.ActiveCfg = Release|iPhone
		{77CF9074-93A9-488B-AA63-AE75D398E105}.Release|x64.Build.0 = Release|iPhone
		{77CF9074-93A9-488B-AA63-AE75D398E105}.Release|x64.Deploy.0 = Release|iPhone
		{77CF9074-93A9-488B-AA63-AE75D398E105}.Release|x86.ActiveCfg = Release|iPhone
		{77CF9074-93A9-488B-AA63-AE75D398E105}.Release|x86.Build.0 = Release|iPhone
		{77CF9074-93A9-488B-AA63-AE75D398E105}.Release|x86.Deploy.0 = Release|iPhone
		{B0C9C82C-3AF2-4DEE-A639-E1E94E086AB2}.Ad-Hoc|Any CPU.ActiveCfg = Release|x86
		{B0C9C82C-3AF2-4DEE-A639-E1E94E086AB2}.Ad-Hoc|Any CPU.Build.0 = Release|x86
		{B0C9C82C-3AF2-4DEE-A639-E1E94E086AB2}.Ad-Hoc|Any CPU.Deploy.0 = Release|x86
		{B0C9C82C-3AF2-4DEE-A639-E1E94E086AB2}.Ad-Hoc|ARM.ActiveCfg = Release|ARM
		{B0C9C82C-3AF2-4DEE-A639-E1E94E086AB2}.Ad-Hoc|ARM.Build.0 = Release|ARM
		{B0C9C82C-3AF2-4DEE-A639-E1E94E086AB2}.Ad-Hoc|ARM.Deploy.0 = Release|ARM
		{B0C9C82C-3AF2-4DEE-A639-E1E94E086AB2}.Ad-Hoc|iPhone.ActiveCfg = Release|x86
		{B0C9C82C-3AF2-4DEE-A639-E1E94E086AB2}.Ad-Hoc|iPhone.Build.0 = Release|x86
		{B0C9C82C-3AF2-4DEE-A639-E1E94E086AB2}.Ad-Hoc|iPhone.Deploy.0 = Release|x86
		{B0C9C82C-3AF2-4DEE-A639-E1E94E086AB2}.Ad-Hoc|iPhoneSimulator.ActiveCfg = Release|x86
		{B0C9C82C-3AF2-4DEE-A639-E1E94E086AB2}.Ad-Hoc|iPhoneSimulator.Build.0 = Release|x86
		{B0C9C82C-3AF2-4DEE-A639-E1E94E086AB2}.Ad-Hoc|iPhoneSimulator.Deploy.0 = Release|x86
		{B0C9C82C-3AF2-4DEE-A639-E1E94E086AB2}.Ad-Hoc|x64.ActiveCfg = Release|x64
		{B0C9C82C-3AF2-4DEE-A639-E1E94E086AB2}.Ad-Hoc|x64.Build.0 = Release|x64
		{B0C9C82C-3AF2-4DEE-A639-E1E94E086AB2}.Ad-Hoc|x64.Deploy.0 = Release|x64
		{B0C9C82C-3AF2-4DEE-A639-E1E94E086AB2}.Ad-Hoc|x86.ActiveCfg = Release|x86
		{B0C9C82C-3AF2-4DEE-A639-E1E94E086AB2}.Ad-Hoc|x86.Build.0 = Release|x86
		{B0C9C82C-3AF2-4DEE-A639-E1E94E086AB2}.Ad-Hoc|x86.Deploy.0 = Release|x86
		{B0C9C82C-3AF2-4DEE-A639-E1E94E086AB2}.AppStore|Any CPU.ActiveCfg = Release|x86
		{B0C9C82C-3AF2-4DEE-A639-E1E94E086AB2}.AppStore|Any CPU.Build.0 = Release|x86
		{B0C9C82C-3AF2-4DEE-A639-E1E94E086AB2}.AppStore|Any CPU.Deploy.0 = Release|x86
		{B0C9C82C-3AF2-4DEE-A639-E1E94E086AB2}.AppStore|ARM.ActiveCfg = Release|ARM
		{B0C9C82C-3AF2-4DEE-A639-E1E94E086AB2}.AppStore|ARM.Build.0 = Release|ARM
		{B0C9C82C-3AF2-4DEE-A639-E1E94E086AB2}.AppStore|ARM.Deploy.0 = Release|ARM
		{B0C9C82C-3AF2-4DEE-A639-E1E94E086AB2}.AppStore|iPhone.ActiveCfg = Release|x86
		{B0C9C82C-3AF2-4DEE-A639-E1E94E086AB2}.AppStore|iPhone.Build.0 = Release|x86
		{B0C9C82C-3AF2-4DEE-A639-E1E94E086AB2}.AppStore|iPhone.Deploy.0 = Release|x86
		{B0C9C82C-3AF2-4DEE-A639-E1E94E086AB2}.AppStore|iPhoneSimulator.ActiveCfg = Release|x86
		{B0C9C82C-3AF2-4DEE-A639-E1E94E086AB2}.AppStore|iPhoneSimulator.Build.0 = Release|x86
		{B0C9C82C-3AF2-4DEE-A639-E1E94E086AB2}.AppStore|iPhoneSimulator.Deploy.0 = Release|x86
		{B0C9C82C-3AF2-4DEE-A639-E1E94E086AB2}.AppStore|x64.ActiveCfg = Release|x64
		{B0C9C82C-3AF2-4DEE-A639-E1E94E086AB2}.AppStore|x64.Build.0 = Release|x64
		{B0C9C82C-3AF2-4DEE-A639-E1E94E086AB2}.AppStore|x64.Deploy.0 = Release|x64
		{B0C9C82C-3AF2-4DEE-A639-E1E94E086AB2}.AppStore|x86.ActiveCfg = Release|x86
		{B0C9C82C-3AF2-4DEE-A639-E1E94E086AB2}.AppStore|x86.Build.0 = Release|x86
		{B0C9C82C-3AF2-4DEE-A639-E1E94E086AB2}.AppStore|x86.Deploy.0 = Release|x86
		{B0C9C82C-3AF2-4DEE-A639-E1E94E086AB2}.Debug|Any CPU.ActiveCfg = Debug|x86
		{B0C9C82C-3AF2-4DEE-A639-E1E94E086AB2}.Debug|Any CPU.Build.0 = Debug|x86
		{B0C9C82C-3AF2-4DEE-A639-E1E94E086AB2}.Debug|Any CPU.Deploy.0 = Debug|x86
		{B0C9C82C-3AF2-4DEE-A639-E1E94E086AB2}.Debug|ARM.ActiveCfg = Debug|ARM
		{B0C9C82C-3AF2-4DEE-A639-E1E94E086AB2}.Debug|ARM.Build.0 = Debug|ARM
		{B0C9C82C-3AF2-4DEE-A639-E1E94E086AB2}.Debug|ARM.Deploy.0 = Debug|ARM
		{B0C9C82C-3AF2-4DEE-A639-E1E94E086AB2}.Debug|iPhone.ActiveCfg = Debug|x86
		{B0C9C82C-3AF2-4DEE-A639-E1E94E086AB2}.Debug|iPhone.Build.0 = Debug|x86
		{B0C9C82C-3AF2-4DEE-A639-E1E94E086AB2}.Debug|iPhone.Deploy.0 = Debug|x86
		{B0C9C82C-3AF2-4DEE-A639-E1E94E086AB2}.Debug|iPhoneSimulator.ActiveCfg = Debug|x86
		{B0C9C82C-3AF2-4DEE-A639-E1E94E086AB2}.Debug|iPhoneSimulator.Build.0 = Debug|x86
		{B0C9C82C-3AF2-4DEE-A639-E1E94E086AB2}.Debug|iPhoneSimulator.Deploy.0 = Debug|x86
		{B0C9C82C-3AF2-4DEE-A639-E1E94E086AB2}.Debug|x64.ActiveCfg = Debug|x64
		{B0C9C82C-3AF2-4DEE-A639-E1E94E086AB2}.Debug|x64.Build.0 = Debug|x64
		{B0C9C82C-3AF2-4DEE-A639-E1E94E086AB2}.Debug|x64.Deploy.0 = Debug|x64
		{B0C9C82C-3AF2-4DEE-A639-E1E94E086AB2}.Debug|x86.ActiveCfg = Debug|x86
		{B0C9C82C-3AF2-4DEE-A639-E1E94E086AB2}.Debug|x86.Build.0 = Debug|x86
		{B0C9C82C-3AF2-4DEE-A639-E1E94E086AB2}.Debug|x86.Deploy.0 = Debug|x86
		{B0C9C82C-3AF2-4DEE-A639-E1E94E086AB2}.Release|Any CPU.ActiveCfg = Release|x86
		{B0C9C82C-3AF2-4DEE-A639-E1E94E086AB2}.Release|Any CPU.Build.0 = Release|x86
		{B0C9C82C-3AF2-4DEE-A639-E1E94E086AB2}.Release|Any CPU.Deploy.0 = Release|x86
		{B0C9C82C-3AF2-4DEE-A639-E1E94E086AB2}.Release|ARM.ActiveCfg = Release|ARM
		{B0C9C82C-3AF2-4DEE-A639-E1E94E086AB2}.Release|ARM.Build.0 = Release|ARM
		{B0C9C82C-3AF2-4DEE-A639-E1E94E086AB2}.Release|ARM.Deploy.0 = Release|ARM
		{B0C9C82C-3AF2-4DEE-A639-E1E94E086AB2}.Release|iPhone.ActiveCfg = Release|x86
		{B0C9C82C-3AF2-4DEE-A639-E1E94E086AB2}.Release|iPhone.Build.0 = Release|x86
		{B0C9C82C-3AF2-4DEE-A639-E1E94E086AB2}.Release|iPhone.Deploy.0 = Release|x86
		{B0C9C82C-3AF2-4DEE-A639-E1E94E086AB2}.Release|iPhoneSimulator.ActiveCfg = Release|x86
		{B0C9C82C-3AF2-4DEE-A639-E1E94E086AB2}.Release|iPhoneSimulator.Build.0 = Release|x86
		{B0C9C82C-3AF2-4DEE-A639-E1E94E086AB2}.Release|iPhoneSimulator.Deploy.0 = Release|x86
		{B0C9C82C-3AF2-4DEE-A639-E1E94E086AB2}.Release|x64.ActiveCfg = Release|x64
		{B0C9C82C-3AF2-4DEE-A639-E1E94E086AB2}.Release|x64.Build.0 = Release|x64
		{B0C9C82C-3AF2-4DEE-A639-E1E94E086AB2}.Release|x64.Deploy.0 = Release|x64
		{B0C9C82C-3AF2-4DEE-A639-E1E94E086AB2}.Release|x86.ActiveCfg = Release|x86
		{B0C9C82C-3AF2-4DEE-A639-E1E94E086AB2}.Release|x86.Build.0 = Release|x86
		{B0C9C82C-3AF2-4DEE-A639-E1E94E086AB2}.Release|x86.Deploy.0 = Release|x86
		{269BF2F1-A801-4D6F-A03F-5331E7BD3BE3}.Ad-Hoc|Any CPU.ActiveCfg = Debug|Any CPU
		{269BF2F1-A801-4D6F-A03F-5331E7BD3BE3}.Ad-Hoc|Any CPU.Build.0 = Debug|Any CPU
		{269BF2F1-A801-4D6F-A03F-5331E7BD3BE3}.Ad-Hoc|Any CPU.Deploy.0 = Debug|Any CPU
		{269BF2F1-A801-4D6F-A03F-5331E7BD3BE3}.Ad-Hoc|ARM.ActiveCfg = Debug|Any CPU
		{269BF2F1-A801-4D6F-A03F-5331E7BD3BE3}.Ad-Hoc|ARM.Build.0 = Debug|Any CPU
		{269BF2F1-A801-4D6F-A03F-5331E7BD3BE3}.Ad-Hoc|ARM.Deploy.0 = Debug|Any CPU
		{269BF2F1-A801-4D6F-A03F-5331E7BD3BE3}.Ad-Hoc|iPhone.ActiveCfg = Debug|Any CPU
		{269BF2F1-A801-4D6F-A03F-5331E7BD3BE3}.Ad-Hoc|iPhone.Build.0 = Debug|Any CPU
		{269BF2F1-A801-4D6F-A03F-5331E7BD3BE3}.Ad-Hoc|iPhone.Deploy.0 = Debug|Any CPU
		{269BF2F1-A801-4D6F-A03F-5331E7BD3BE3}.Ad-Hoc|iPhoneSimulator.ActiveCfg = Debug|Any CPU
		{269BF2F1-A801-4D6F-A03F-5331E7BD3BE3}.Ad-Hoc|iPhoneSimulator.Build.0 = Debug|Any CPU
		{269BF2F1-A801-4D6F-A03F-5331E7BD3BE3}.Ad-Hoc|iPhoneSimulator.Deploy.0 = Debug|Any CPU
		{269BF2F1-A801-4D6F-A03F-5331E7BD3BE3}.Ad-Hoc|x64.ActiveCfg = Debug|Any CPU
		{269BF2F1-A801-4D6F-A03F-5331E7BD3BE3}.Ad-Hoc|x64.Build.0 = Debug|Any CPU
		{269BF2F1-A801-4D6F-A03F-5331E7BD3BE3}.Ad-Hoc|x64.Deploy.0 = Debug|Any CPU
		{269BF2F1-A801-4D6F-A03F-5331E7BD3BE3}.Ad-Hoc|x86.ActiveCfg = Debug|Any CPU
		{269BF2F1-A801-4D6F-A03F-5331E7BD3BE3}.Ad-Hoc|x86.Build.0 = Debug|Any CPU
		{269BF2F1-A801-4D6F-A03F-5331E7BD3BE3}.Ad-Hoc|x86.Deploy.0 = Debug|Any CPU
		{269BF2F1-A801-4D6F-A03F-5331E7BD3BE3}.AppStore|Any CPU.ActiveCfg = Debug|Any CPU
		{269BF2F1-A801-4D6F-A03F-5331E7BD3BE3}.AppStore|Any CPU.Build.0 = Debug|Any CPU
		{269BF2F1-A801-4D6F-A03F-5331E7BD3BE3}.AppStore|Any CPU.Deploy.0 = Debug|Any CPU
		{269BF2F1-A801-4D6F-A03F-5331E7BD3BE3}.AppStore|ARM.ActiveCfg = Debug|Any CPU
		{269BF2F1-A801-4D6F-A03F-5331E7BD3BE3}.AppStore|ARM.Build.0 = Debug|Any CPU
		{269BF2F1-A801-4D6F-A03F-5331E7BD3BE3}.AppStore|ARM.Deploy.0 = Debug|Any CPU
		{269BF2F1-A801-4D6F-A03F-5331E7BD3BE3}.AppStore|iPhone.ActiveCfg = Debug|Any CPU
		{269BF2F1-A801-4D6F-A03F-5331E7BD3BE3}.AppStore|iPhone.Build.0 = Debug|Any CPU
		{269BF2F1-A801-4D6F-A03F-5331E7BD3BE3}.AppStore|iPhone.Deploy.0 = Debug|Any CPU
		{269BF2F1-A801-4D6F-A03F-5331E7BD3BE3}.AppStore|iPhoneSimulator.ActiveCfg = Debug|Any CPU
		{269BF2F1-A801-4D6F-A03F-5331E7BD3BE3}.AppStore|iPhoneSimulator.Build.0 = Debug|Any CPU
		{269BF2F1-A801-4D6F-A03F-5331E7BD3BE3}.AppStore|iPhoneSimulator.Deploy.0 = Debug|Any CPU
		{269BF2F1-A801-4D6F-A03F-5331E7BD3BE3}.AppStore|x64.ActiveCfg = Debug|Any CPU
		{269BF2F1-A801-4D6F-A03F-5331E7BD3BE3}.AppStore|x64.Build.0 = Debug|Any CPU
		{269BF2F1-A801-4D6F-A03F-5331E7BD3BE3}.AppStore|x64.Deploy.0 = Debug|Any CPU
		{269BF2F1-A801-4D6F-A03F-5331E7BD3BE3}.AppStore|x86.ActiveCfg = Debug|Any CPU
		{269BF2F1-A801-4D6F-A03F-5331E7BD3BE3}.AppStore|x86.Build.0 = Debug|Any CPU
		{269BF2F1-A801-4D6F-A03F-5331E7BD3BE3}.AppStore|x86.Deploy.0 = Debug|Any CPU
		{269BF2F1-A801-4D6F-A03F-5331E7BD3BE3}.Debug|Any CPU.ActiveCfg = Debug|Any CPU
		{269BF2F1-A801-4D6F-A03F-5331E7BD3BE3}.Debug|Any CPU.Build.0 = Debug|Any CPU
		{269BF2F1-A801-4D6F-A03F-5331E7BD3BE3}.Debug|Any CPU.Deploy.0 = Debug|Any CPU
		{269BF2F1-A801-4D6F-A03F-5331E7BD3BE3}.Debug|ARM.ActiveCfg = Debug|Any CPU
		{269BF2F1-A801-4D6F-A03F-5331E7BD3BE3}.Debug|ARM.Build.0 = Debug|Any CPU
		{269BF2F1-A801-4D6F-A03F-5331E7BD3BE3}.Debug|ARM.Deploy.0 = Debug|Any CPU
		{269BF2F1-A801-4D6F-A03F-5331E7BD3BE3}.Debug|iPhone.ActiveCfg = Debug|Any CPU
		{269BF2F1-A801-4D6F-A03F-5331E7BD3BE3}.Debug|iPhone.Build.0 = Debug|Any CPU
		{269BF2F1-A801-4D6F-A03F-5331E7BD3BE3}.Debug|iPhone.Deploy.0 = Debug|Any CPU
		{269BF2F1-A801-4D6F-A03F-5331E7BD3BE3}.Debug|iPhoneSimulator.ActiveCfg = Debug|Any CPU
		{269BF2F1-A801-4D6F-A03F-5331E7BD3BE3}.Debug|iPhoneSimulator.Build.0 = Debug|Any CPU
		{269BF2F1-A801-4D6F-A03F-5331E7BD3BE3}.Debug|iPhoneSimulator.Deploy.0 = Debug|Any CPU
		{269BF2F1-A801-4D6F-A03F-5331E7BD3BE3}.Debug|x64.ActiveCfg = Debug|Any CPU
		{269BF2F1-A801-4D6F-A03F-5331E7BD3BE3}.Debug|x64.Build.0 = Debug|Any CPU
		{269BF2F1-A801-4D6F-A03F-5331E7BD3BE3}.Debug|x64.Deploy.0 = Debug|Any CPU
		{269BF2F1-A801-4D6F-A03F-5331E7BD3BE3}.Debug|x86.ActiveCfg = Debug|Any CPU
		{269BF2F1-A801-4D6F-A03F-5331E7BD3BE3}.Debug|x86.Build.0 = Debug|Any CPU
		{269BF2F1-A801-4D6F-A03F-5331E7BD3BE3}.Debug|x86.Deploy.0 = Debug|Any CPU
		{269BF2F1-A801-4D6F-A03F-5331E7BD3BE3}.Release|Any CPU.ActiveCfg = Release|Any CPU
		{269BF2F1-A801-4D6F-A03F-5331E7BD3BE3}.Release|Any CPU.Build.0 = Release|Any CPU
		{269BF2F1-A801-4D6F-A03F-5331E7BD3BE3}.Release|Any CPU.Deploy.0 = Release|Any CPU
		{269BF2F1-A801-4D6F-A03F-5331E7BD3BE3}.Release|ARM.ActiveCfg = Release|Any CPU
		{269BF2F1-A801-4D6F-A03F-5331E7BD3BE3}.Release|ARM.Build.0 = Release|Any CPU
		{269BF2F1-A801-4D6F-A03F-5331E7BD3BE3}.Release|ARM.Deploy.0 = Release|Any CPU
		{269BF2F1-A801-4D6F-A03F-5331E7BD3BE3}.Release|iPhone.ActiveCfg = Release|Any CPU
		{269BF2F1-A801-4D6F-A03F-5331E7BD3BE3}.Release|iPhone.Build.0 = Release|Any CPU
		{269BF2F1-A801-4D6F-A03F-5331E7BD3BE3}.Release|iPhone.Deploy.0 = Release|Any CPU
		{269BF2F1-A801-4D6F-A03F-5331E7BD3BE3}.Release|iPhoneSimulator.ActiveCfg = Release|Any CPU
		{269BF2F1-A801-4D6F-A03F-5331E7BD3BE3}.Release|iPhoneSimulator.Build.0 = Release|Any CPU
		{269BF2F1-A801-4D6F-A03F-5331E7BD3BE3}.Release|iPhoneSimulator.Deploy.0 = Release|Any CPU
		{269BF2F1-A801-4D6F-A03F-5331E7BD3BE3}.Release|x64.ActiveCfg = Release|Any CPU
		{269BF2F1-A801-4D6F-A03F-5331E7BD3BE3}.Release|x64.Build.0 = Release|Any CPU
		{269BF2F1-A801-4D6F-A03F-5331E7BD3BE3}.Release|x64.Deploy.0 = Release|Any CPU
		{269BF2F1-A801-4D6F-A03F-5331E7BD3BE3}.Release|x86.ActiveCfg = Release|Any CPU
		{269BF2F1-A801-4D6F-A03F-5331E7BD3BE3}.Release|x86.Build.0 = Release|Any CPU
		{269BF2F1-A801-4D6F-A03F-5331E7BD3BE3}.Release|x86.Deploy.0 = Release|Any CPU
		{5A9CF428-867D-4663-A43B-B0BEB9214A70}.Ad-Hoc|Any CPU.ActiveCfg = Debug|Any CPU
		{5A9CF428-867D-4663-A43B-B0BEB9214A70}.Ad-Hoc|Any CPU.Build.0 = Debug|Any CPU
		{5A9CF428-867D-4663-A43B-B0BEB9214A70}.Ad-Hoc|ARM.ActiveCfg = Debug|Any CPU
		{5A9CF428-867D-4663-A43B-B0BEB9214A70}.Ad-Hoc|ARM.Build.0 = Debug|Any CPU
		{5A9CF428-867D-4663-A43B-B0BEB9214A70}.Ad-Hoc|iPhone.ActiveCfg = Debug|Any CPU
		{5A9CF428-867D-4663-A43B-B0BEB9214A70}.Ad-Hoc|iPhone.Build.0 = Debug|Any CPU
		{5A9CF428-867D-4663-A43B-B0BEB9214A70}.Ad-Hoc|iPhoneSimulator.ActiveCfg = Debug|Any CPU
		{5A9CF428-867D-4663-A43B-B0BEB9214A70}.Ad-Hoc|iPhoneSimulator.Build.0 = Debug|Any CPU
		{5A9CF428-867D-4663-A43B-B0BEB9214A70}.Ad-Hoc|x64.ActiveCfg = Debug|Any CPU
		{5A9CF428-867D-4663-A43B-B0BEB9214A70}.Ad-Hoc|x64.Build.0 = Debug|Any CPU
		{5A9CF428-867D-4663-A43B-B0BEB9214A70}.Ad-Hoc|x86.ActiveCfg = Debug|Any CPU
		{5A9CF428-867D-4663-A43B-B0BEB9214A70}.Ad-Hoc|x86.Build.0 = Debug|Any CPU
		{5A9CF428-867D-4663-A43B-B0BEB9214A70}.AppStore|Any CPU.ActiveCfg = Debug|Any CPU
		{5A9CF428-867D-4663-A43B-B0BEB9214A70}.AppStore|Any CPU.Build.0 = Debug|Any CPU
		{5A9CF428-867D-4663-A43B-B0BEB9214A70}.AppStore|ARM.ActiveCfg = Debug|Any CPU
		{5A9CF428-867D-4663-A43B-B0BEB9214A70}.AppStore|ARM.Build.0 = Debug|Any CPU
		{5A9CF428-867D-4663-A43B-B0BEB9214A70}.AppStore|iPhone.ActiveCfg = Debug|Any CPU
		{5A9CF428-867D-4663-A43B-B0BEB9214A70}.AppStore|iPhone.Build.0 = Debug|Any CPU
		{5A9CF428-867D-4663-A43B-B0BEB9214A70}.AppStore|iPhoneSimulator.ActiveCfg = Debug|Any CPU
		{5A9CF428-867D-4663-A43B-B0BEB9214A70}.AppStore|iPhoneSimulator.Build.0 = Debug|Any CPU
		{5A9CF428-867D-4663-A43B-B0BEB9214A70}.AppStore|x64.ActiveCfg = Debug|Any CPU
		{5A9CF428-867D-4663-A43B-B0BEB9214A70}.AppStore|x64.Build.0 = Debug|Any CPU
		{5A9CF428-867D-4663-A43B-B0BEB9214A70}.AppStore|x86.ActiveCfg = Debug|Any CPU
		{5A9CF428-867D-4663-A43B-B0BEB9214A70}.AppStore|x86.Build.0 = Debug|Any CPU
		{5A9CF428-867D-4663-A43B-B0BEB9214A70}.Debug|Any CPU.ActiveCfg = Debug|Any CPU
		{5A9CF428-867D-4663-A43B-B0BEB9214A70}.Debug|Any CPU.Build.0 = Debug|Any CPU
		{5A9CF428-867D-4663-A43B-B0BEB9214A70}.Debug|ARM.ActiveCfg = Debug|Any CPU
		{5A9CF428-867D-4663-A43B-B0BEB9214A70}.Debug|ARM.Build.0 = Debug|Any CPU
		{5A9CF428-867D-4663-A43B-B0BEB9214A70}.Debug|iPhone.ActiveCfg = Debug|Any CPU
		{5A9CF428-867D-4663-A43B-B0BEB9214A70}.Debug|iPhone.Build.0 = Debug|Any CPU
		{5A9CF428-867D-4663-A43B-B0BEB9214A70}.Debug|iPhoneSimulator.ActiveCfg = Debug|Any CPU
		{5A9CF428-867D-4663-A43B-B0BEB9214A70}.Debug|iPhoneSimulator.Build.0 = Debug|Any CPU
		{5A9CF428-867D-4663-A43B-B0BEB9214A70}.Debug|x64.ActiveCfg = Debug|Any CPU
		{5A9CF428-867D-4663-A43B-B0BEB9214A70}.Debug|x64.Build.0 = Debug|Any CPU
		{5A9CF428-867D-4663-A43B-B0BEB9214A70}.Debug|x86.ActiveCfg = Debug|Any CPU
		{5A9CF428-867D-4663-A43B-B0BEB9214A70}.Debug|x86.Build.0 = Debug|Any CPU
		{5A9CF428-867D-4663-A43B-B0BEB9214A70}.Release|Any CPU.ActiveCfg = Release|Any CPU
		{5A9CF428-867D-4663-A43B-B0BEB9214A70}.Release|Any CPU.Build.0 = Release|Any CPU
		{5A9CF428-867D-4663-A43B-B0BEB9214A70}.Release|ARM.ActiveCfg = Release|Any CPU
		{5A9CF428-867D-4663-A43B-B0BEB9214A70}.Release|ARM.Build.0 = Release|Any CPU
		{5A9CF428-867D-4663-A43B-B0BEB9214A70}.Release|iPhone.ActiveCfg = Release|Any CPU
		{5A9CF428-867D-4663-A43B-B0BEB9214A70}.Release|iPhone.Build.0 = Release|Any CPU
		{5A9CF428-867D-4663-A43B-B0BEB9214A70}.Release|iPhoneSimulator.ActiveCfg = Release|Any CPU
		{5A9CF428-867D-4663-A43B-B0BEB9214A70}.Release|iPhoneSimulator.Build.0 = Release|Any CPU
		{5A9CF428-867D-4663-A43B-B0BEB9214A70}.Release|x64.ActiveCfg = Release|Any CPU
		{5A9CF428-867D-4663-A43B-B0BEB9214A70}.Release|x64.Build.0 = Release|Any CPU
		{5A9CF428-867D-4663-A43B-B0BEB9214A70}.Release|x86.ActiveCfg = Release|Any CPU
		{5A9CF428-867D-4663-A43B-B0BEB9214A70}.Release|x86.Build.0 = Release|Any CPU
		{D5636F88-71FD-4D9D-8947-28EBCBBC0FCD}.Ad-Hoc|Any CPU.ActiveCfg = Debug|Any CPU
		{D5636F88-71FD-4D9D-8947-28EBCBBC0FCD}.Ad-Hoc|Any CPU.Build.0 = Debug|Any CPU
		{D5636F88-71FD-4D9D-8947-28EBCBBC0FCD}.Ad-Hoc|ARM.ActiveCfg = Debug|Any CPU
		{D5636F88-71FD-4D9D-8947-28EBCBBC0FCD}.Ad-Hoc|ARM.Build.0 = Debug|Any CPU
		{D5636F88-71FD-4D9D-8947-28EBCBBC0FCD}.Ad-Hoc|iPhone.ActiveCfg = Debug|Any CPU
		{D5636F88-71FD-4D9D-8947-28EBCBBC0FCD}.Ad-Hoc|iPhone.Build.0 = Debug|Any CPU
		{D5636F88-71FD-4D9D-8947-28EBCBBC0FCD}.Ad-Hoc|iPhoneSimulator.ActiveCfg = Debug|Any CPU
		{D5636F88-71FD-4D9D-8947-28EBCBBC0FCD}.Ad-Hoc|iPhoneSimulator.Build.0 = Debug|Any CPU
		{D5636F88-71FD-4D9D-8947-28EBCBBC0FCD}.Ad-Hoc|x64.ActiveCfg = Debug|Any CPU
		{D5636F88-71FD-4D9D-8947-28EBCBBC0FCD}.Ad-Hoc|x64.Build.0 = Debug|Any CPU
		{D5636F88-71FD-4D9D-8947-28EBCBBC0FCD}.Ad-Hoc|x86.ActiveCfg = Debug|Any CPU
		{D5636F88-71FD-4D9D-8947-28EBCBBC0FCD}.Ad-Hoc|x86.Build.0 = Debug|Any CPU
		{D5636F88-71FD-4D9D-8947-28EBCBBC0FCD}.AppStore|Any CPU.ActiveCfg = Debug|Any CPU
		{D5636F88-71FD-4D9D-8947-28EBCBBC0FCD}.AppStore|Any CPU.Build.0 = Debug|Any CPU
		{D5636F88-71FD-4D9D-8947-28EBCBBC0FCD}.AppStore|ARM.ActiveCfg = Debug|Any CPU
		{D5636F88-71FD-4D9D-8947-28EBCBBC0FCD}.AppStore|ARM.Build.0 = Debug|Any CPU
		{D5636F88-71FD-4D9D-8947-28EBCBBC0FCD}.AppStore|iPhone.ActiveCfg = Debug|Any CPU
		{D5636F88-71FD-4D9D-8947-28EBCBBC0FCD}.AppStore|iPhone.Build.0 = Debug|Any CPU
		{D5636F88-71FD-4D9D-8947-28EBCBBC0FCD}.AppStore|iPhoneSimulator.ActiveCfg = Debug|Any CPU
		{D5636F88-71FD-4D9D-8947-28EBCBBC0FCD}.AppStore|iPhoneSimulator.Build.0 = Debug|Any CPU
		{D5636F88-71FD-4D9D-8947-28EBCBBC0FCD}.AppStore|x64.ActiveCfg = Debug|Any CPU
		{D5636F88-71FD-4D9D-8947-28EBCBBC0FCD}.AppStore|x64.Build.0 = Debug|Any CPU
		{D5636F88-71FD-4D9D-8947-28EBCBBC0FCD}.AppStore|x86.ActiveCfg = Debug|Any CPU
		{D5636F88-71FD-4D9D-8947-28EBCBBC0FCD}.AppStore|x86.Build.0 = Debug|Any CPU
		{D5636F88-71FD-4D9D-8947-28EBCBBC0FCD}.Debug|Any CPU.ActiveCfg = Debug|Any CPU
		{D5636F88-71FD-4D9D-8947-28EBCBBC0FCD}.Debug|Any CPU.Build.0 = Debug|Any CPU
		{D5636F88-71FD-4D9D-8947-28EBCBBC0FCD}.Debug|ARM.ActiveCfg = Debug|Any CPU
		{D5636F88-71FD-4D9D-8947-28EBCBBC0FCD}.Debug|ARM.Build.0 = Debug|Any CPU
		{D5636F88-71FD-4D9D-8947-28EBCBBC0FCD}.Debug|iPhone.ActiveCfg = Debug|Any CPU
		{D5636F88-71FD-4D9D-8947-28EBCBBC0FCD}.Debug|iPhone.Build.0 = Debug|Any CPU
		{D5636F88-71FD-4D9D-8947-28EBCBBC0FCD}.Debug|iPhoneSimulator.ActiveCfg = Debug|Any CPU
		{D5636F88-71FD-4D9D-8947-28EBCBBC0FCD}.Debug|iPhoneSimulator.Build.0 = Debug|Any CPU
		{D5636F88-71FD-4D9D-8947-28EBCBBC0FCD}.Debug|x64.ActiveCfg = Debug|Any CPU
		{D5636F88-71FD-4D9D-8947-28EBCBBC0FCD}.Debug|x64.Build.0 = Debug|Any CPU
		{D5636F88-71FD-4D9D-8947-28EBCBBC0FCD}.Debug|x86.ActiveCfg = Debug|Any CPU
		{D5636F88-71FD-4D9D-8947-28EBCBBC0FCD}.Debug|x86.Build.0 = Debug|Any CPU
		{D5636F88-71FD-4D9D-8947-28EBCBBC0FCD}.Release|Any CPU.ActiveCfg = Release|Any CPU
		{D5636F88-71FD-4D9D-8947-28EBCBBC0FCD}.Release|Any CPU.Build.0 = Release|Any CPU
		{D5636F88-71FD-4D9D-8947-28EBCBBC0FCD}.Release|ARM.ActiveCfg = Release|Any CPU
		{D5636F88-71FD-4D9D-8947-28EBCBBC0FCD}.Release|ARM.Build.0 = Release|Any CPU
		{D5636F88-71FD-4D9D-8947-28EBCBBC0FCD}.Release|iPhone.ActiveCfg = Release|Any CPU
		{D5636F88-71FD-4D9D-8947-28EBCBBC0FCD}.Release|iPhone.Build.0 = Release|Any CPU
		{D5636F88-71FD-4D9D-8947-28EBCBBC0FCD}.Release|iPhoneSimulator.ActiveCfg = Release|Any CPU
		{D5636F88-71FD-4D9D-8947-28EBCBBC0FCD}.Release|iPhoneSimulator.Build.0 = Release|Any CPU
		{D5636F88-71FD-4D9D-8947-28EBCBBC0FCD}.Release|x64.ActiveCfg = Release|Any CPU
		{D5636F88-71FD-4D9D-8947-28EBCBBC0FCD}.Release|x64.Build.0 = Release|Any CPU
		{D5636F88-71FD-4D9D-8947-28EBCBBC0FCD}.Release|x86.ActiveCfg = Release|Any CPU
		{D5636F88-71FD-4D9D-8947-28EBCBBC0FCD}.Release|x86.Build.0 = Release|Any CPU
		{13141B53-5263-49BC-9095-63F5224CCD4B}.Ad-Hoc|Any CPU.ActiveCfg = Debug|Any CPU
		{13141B53-5263-49BC-9095-63F5224CCD4B}.Ad-Hoc|Any CPU.Build.0 = Debug|Any CPU
		{13141B53-5263-49BC-9095-63F5224CCD4B}.Ad-Hoc|ARM.ActiveCfg = Debug|Any CPU
		{13141B53-5263-49BC-9095-63F5224CCD4B}.Ad-Hoc|ARM.Build.0 = Debug|Any CPU
		{13141B53-5263-49BC-9095-63F5224CCD4B}.Ad-Hoc|iPhone.ActiveCfg = Debug|Any CPU
		{13141B53-5263-49BC-9095-63F5224CCD4B}.Ad-Hoc|iPhone.Build.0 = Debug|Any CPU
		{13141B53-5263-49BC-9095-63F5224CCD4B}.Ad-Hoc|iPhoneSimulator.ActiveCfg = Debug|Any CPU
		{13141B53-5263-49BC-9095-63F5224CCD4B}.Ad-Hoc|iPhoneSimulator.Build.0 = Debug|Any CPU
		{13141B53-5263-49BC-9095-63F5224CCD4B}.Ad-Hoc|x64.ActiveCfg = Debug|Any CPU
		{13141B53-5263-49BC-9095-63F5224CCD4B}.Ad-Hoc|x64.Build.0 = Debug|Any CPU
		{13141B53-5263-49BC-9095-63F5224CCD4B}.Ad-Hoc|x86.ActiveCfg = Debug|Any CPU
		{13141B53-5263-49BC-9095-63F5224CCD4B}.Ad-Hoc|x86.Build.0 = Debug|Any CPU
		{13141B53-5263-49BC-9095-63F5224CCD4B}.AppStore|Any CPU.ActiveCfg = Debug|Any CPU
		{13141B53-5263-49BC-9095-63F5224CCD4B}.AppStore|Any CPU.Build.0 = Debug|Any CPU
		{13141B53-5263-49BC-9095-63F5224CCD4B}.AppStore|ARM.ActiveCfg = Debug|Any CPU
		{13141B53-5263-49BC-9095-63F5224CCD4B}.AppStore|ARM.Build.0 = Debug|Any CPU
		{13141B53-5263-49BC-9095-63F5224CCD4B}.AppStore|iPhone.ActiveCfg = Debug|Any CPU
		{13141B53-5263-49BC-9095-63F5224CCD4B}.AppStore|iPhone.Build.0 = Debug|Any CPU
		{13141B53-5263-49BC-9095-63F5224CCD4B}.AppStore|iPhoneSimulator.ActiveCfg = Debug|Any CPU
		{13141B53-5263-49BC-9095-63F5224CCD4B}.AppStore|iPhoneSimulator.Build.0 = Debug|Any CPU
		{13141B53-5263-49BC-9095-63F5224CCD4B}.AppStore|x64.ActiveCfg = Debug|Any CPU
		{13141B53-5263-49BC-9095-63F5224CCD4B}.AppStore|x64.Build.0 = Debug|Any CPU
		{13141B53-5263-49BC-9095-63F5224CCD4B}.AppStore|x86.ActiveCfg = Debug|Any CPU
		{13141B53-5263-49BC-9095-63F5224CCD4B}.AppStore|x86.Build.0 = Debug|Any CPU
		{13141B53-5263-49BC-9095-63F5224CCD4B}.Debug|Any CPU.ActiveCfg = Debug|Any CPU
		{13141B53-5263-49BC-9095-63F5224CCD4B}.Debug|Any CPU.Build.0 = Debug|Any CPU
		{13141B53-5263-49BC-9095-63F5224CCD4B}.Debug|ARM.ActiveCfg = Debug|Any CPU
		{13141B53-5263-49BC-9095-63F5224CCD4B}.Debug|ARM.Build.0 = Debug|Any CPU
		{13141B53-5263-49BC-9095-63F5224CCD4B}.Debug|iPhone.ActiveCfg = Debug|Any CPU
		{13141B53-5263-49BC-9095-63F5224CCD4B}.Debug|iPhone.Build.0 = Debug|Any CPU
		{13141B53-5263-49BC-9095-63F5224CCD4B}.Debug|iPhoneSimulator.ActiveCfg = Debug|Any CPU
		{13141B53-5263-49BC-9095-63F5224CCD4B}.Debug|iPhoneSimulator.Build.0 = Debug|Any CPU
		{13141B53-5263-49BC-9095-63F5224CCD4B}.Debug|x64.ActiveCfg = Debug|Any CPU
		{13141B53-5263-49BC-9095-63F5224CCD4B}.Debug|x64.Build.0 = Debug|Any CPU
		{13141B53-5263-49BC-9095-63F5224CCD4B}.Debug|x86.ActiveCfg = Debug|Any CPU
		{13141B53-5263-49BC-9095-63F5224CCD4B}.Debug|x86.Build.0 = Debug|Any CPU
		{13141B53-5263-49BC-9095-63F5224CCD4B}.Release|Any CPU.ActiveCfg = Release|Any CPU
		{13141B53-5263-49BC-9095-63F5224CCD4B}.Release|Any CPU.Build.0 = Release|Any CPU
		{13141B53-5263-49BC-9095-63F5224CCD4B}.Release|ARM.ActiveCfg = Release|Any CPU
		{13141B53-5263-49BC-9095-63F5224CCD4B}.Release|ARM.Build.0 = Release|Any CPU
		{13141B53-5263-49BC-9095-63F5224CCD4B}.Release|iPhone.ActiveCfg = Release|Any CPU
		{13141B53-5263-49BC-9095-63F5224CCD4B}.Release|iPhone.Build.0 = Release|Any CPU
		{13141B53-5263-49BC-9095-63F5224CCD4B}.Release|iPhoneSimulator.ActiveCfg = Release|Any CPU
		{13141B53-5263-49BC-9095-63F5224CCD4B}.Release|iPhoneSimulator.Build.0 = Release|Any CPU
		{13141B53-5263-49BC-9095-63F5224CCD4B}.Release|x64.ActiveCfg = Release|Any CPU
		{13141B53-5263-49BC-9095-63F5224CCD4B}.Release|x64.Build.0 = Release|Any CPU
		{13141B53-5263-49BC-9095-63F5224CCD4B}.Release|x86.ActiveCfg = Release|Any CPU
		{13141B53-5263-49BC-9095-63F5224CCD4B}.Release|x86.Build.0 = Release|Any CPU
	EndGlobalSection
	GlobalSection(SolutionProperties) = preSolution
		HideSolutionNode = FALSE
	EndGlobalSection
	GlobalSection(ExtensibilityGlobals) = postSolution
		SolutionGuid = {5FDEF5BE-5114-4D36-B712-B16A9A3E3B95}
	EndGlobalSection
EndGlobal
